PODS:
  - ReactiveObjC (3.1.1)
  - UMengAnalytics (4.2.4)

DEPENDENCIES:
  - ReactiveObjC (= 3.1.1)
  - UMengAnalytics (= 4.2.4)

SPEC REPOS:
  https://github.com/cocoapods/specs.git:
    - ReactiveObjC
    - UMengAnalytics

SPEC CHECKSUMS:
  ReactiveObjC: 011caa393aa0383245f2dcf9bf02e86b80b36040
  UMengAnalytics: ef8d45f94c0e5771dc364cf6a5731d9d3b101da2

PODFILE CHECKSUM: 4c854336c3813a57556e47d33e0c111ab1efb544

COCOAPODS: 1.7.2
