// !$*UTF8*$!
{
	archiveVersion = 1;
	classes = {
	};
	objectVersion = 48;
	objects = {

/* Begin PBXBuildFile section */
		185F995B2728F1BA00D9F914 /* NSMutableArray+Safe.m in Sources */ = {isa = PBXBuildFile; fileRef = 185F995A2728F1BA00D9F914 /* NSMutableArray+Safe.m */; };
		185F995E2728F1D900D9F914 /* NSObject+Runtime.m in Sources */ = {isa = PBXBuildFile; fileRef = 185F995D2728F1D900D9F914 /* NSObject+Runtime.m */; };
		185F9961272902DA00D9F914 /* TestVC27.m in Sources */ = {isa = PBXBuildFile; fileRef = 185F9960272902DA00D9F914 /* TestVC27.m */; };
		185F99642729222C00D9F914 /* TestVC28.m in Sources */ = {isa = PBXBuildFile; fileRef = 185F99632729222C00D9F914 /* TestVC28.m */; settings = {COMPILER_FLAGS = "-fno-objc-arc"; }; };
		185F9967272CA73F00D9F914 /* TestVC29.m in Sources */ = {isa = PBXBuildFile; fileRef = 185F9966272CA73F00D9F914 /* TestVC29.m */; };
		185F996A2732635D00D9F914 /* SafeMutableArray.m in Sources */ = {isa = PBXBuildFile; fileRef = 185F99692732635D00D9F914 /* SafeMutableArray.m */; };
		185F996D2735210A00D9F914 /* TestVC30.m in Sources */ = {isa = PBXBuildFile; fileRef = 185F996C2735210A00D9F914 /* TestVC30.m */; };
		185F99702735269700D9F914 /* TestVC31.m in Sources */ = {isa = PBXBuildFile; fileRef = 185F996F2735269700D9F914 /* TestVC31.m */; };
		1867DA992611D06E004FBBBE /* SBBreathLightView.m in Sources */ = {isa = PBXBuildFile; fileRef = 1867DA982611D06E004FBBBE /* SBBreathLightView.m */; };
		1883C8D7271E9DFD000980EA /* TestModule.m in Sources */ = {isa = PBXBuildFile; fileRef = 1883C8D6271E9DFC000980EA /* TestModule.m */; };
		1883C8DA27265439000980EA /* TestVC26.m in Sources */ = {isa = PBXBuildFile; fileRef = 1883C8D927265439000980EA /* TestVC26.m */; };
		1883C8DD2727DE27000980EA /* NSObject+zombieDealloc.m in Sources */ = {isa = PBXBuildFile; fileRef = 1883C8DB2727DE27000980EA /* NSObject+zombieDealloc.m */; settings = {COMPILER_FLAGS = "-fno-objc-arc"; }; };
		18A19DC7271D7CE000D29E10 /* TestVC25.m in Sources */ = {isa = PBXBuildFile; fileRef = 18A19DC6271D7CE000D29E10 /* TestVC25.m */; };
		4B0D88812087459300908880 /* TestVC17.m in Sources */ = {isa = PBXBuildFile; fileRef = 4B0D887F2087459300908880 /* TestVC17.m */; };
		4B0F5D12202199F6001F65A2 /* Main.storyboard in Resources */ = {isa = PBXBuildFile; fileRef = 4B0F5D10202199F6001F65A2 /* Main.storyboard */; };
		4B0F5D14202199F6001F65A2 /* Assets.xcassets in Resources */ = {isa = PBXBuildFile; fileRef = 4B0F5D13202199F6001F65A2 /* Assets.xcassets */; };
		4B0F5D17202199F6001F65A2 /* LaunchScreen.storyboard in Resources */ = {isa = PBXBuildFile; fileRef = 4B0F5D15202199F6001F65A2 /* LaunchScreen.storyboard */; };
		4B0F5D1A202199F6001F65A2 /* main.m in Sources */ = {isa = PBXBuildFile; fileRef = 4B0F5D19202199F6001F65A2 /* main.m */; };
		4B0F5D24202199F6001F65A2 /* OCTestTests.m in Sources */ = {isa = PBXBuildFile; fileRef = 4B0F5D23202199F6001F65A2 /* OCTestTests.m */; };
		4B0F5D2F202199F6001F65A2 /* OCTestUITests.m in Sources */ = {isa = PBXBuildFile; fileRef = 4B0F5D2E202199F6001F65A2 /* OCTestUITests.m */; };
		4B0F5D442021A801001F65A2 /* Test_Generics.m in Sources */ = {isa = PBXBuildFile; fileRef = 4B0F5D432021A801001F65A2 /* Test_Generics.m */; };
		4B0F5D472022C612001F65A2 /* Person.m in Sources */ = {isa = PBXBuildFile; fileRef = 4B0F5D462022C612001F65A2 /* Person.m */; };
		4B1DE673207F006A00EE6A61 /* TestVC16.m in Sources */ = {isa = PBXBuildFile; fileRef = 4B1DE671207F006A00EE6A61 /* TestVC16.m */; };
		4B1DE674207F006A00EE6A61 /* TestVC16.xib in Resources */ = {isa = PBXBuildFile; fileRef = 4B1DE672207F006A00EE6A61 /* TestVC16.xib */; };
		4B22F2BC2047E5D70013C590 /* TestVC8.m in Sources */ = {isa = PBXBuildFile; fileRef = 4B22F2BB2047E5D70013C590 /* TestVC8.m */; };
		4B424FDA206B3C4A00AB306F /* TestVC6.xib in Resources */ = {isa = PBXBuildFile; fileRef = 4B424FD9206B3C4A00AB306F /* TestVC6.xib */; };
		4B444584205A175700D0A043 /* TestVC11.m in Sources */ = {isa = PBXBuildFile; fileRef = 4B444583205A175700D0A043 /* TestVC11.m */; };
		4B444587205A1AE300D0A043 /* RuntimeTestModel.m in Sources */ = {isa = PBXBuildFile; fileRef = 4B444586205A1AE300D0A043 /* RuntimeTestModel.m */; };
		4B44458D205A3CA800D0A043 /* ModelA.m in Sources */ = {isa = PBXBuildFile; fileRef = 4B44458C205A3CA800D0A043 /* ModelA.m */; };
		4B444590205A3CB600D0A043 /* ModelB.m in Sources */ = {isa = PBXBuildFile; fileRef = 4B44458F205A3CB600D0A043 /* ModelB.m */; };
		4B444593205A417600D0A043 /* TestVC12.m in Sources */ = {isa = PBXBuildFile; fileRef = 4B444592205A417600D0A043 /* TestVC12.m */; };
		4B444596205A4E9300D0A043 /* NSObject+AddProperty.m in Sources */ = {isa = PBXBuildFile; fileRef = 4B444595205A4E9300D0A043 /* NSObject+AddProperty.m */; };
		4B44459A205A509800D0A043 /* TestView.m in Sources */ = {isa = PBXBuildFile; fileRef = 4B444599205A509800D0A043 /* TestView.m */; };
		4B44459D205A55A200D0A043 /* NSObject+AddMethod.m in Sources */ = {isa = PBXBuildFile; fileRef = 4B44459C205A55A200D0A043 /* NSObject+AddMethod.m */; };
		4B4445A5205A69EE00D0A043 /* AppDelegate.m in Sources */ = {isa = PBXBuildFile; fileRef = 4B4445A0205A69EE00D0A043 /* AppDelegate.m */; };
		4B4445A6205A69EE00D0A043 /* CustomViewController.m in Sources */ = {isa = PBXBuildFile; fileRef = 4B4445A1205A69EE00D0A043 /* CustomViewController.m */; };
		4B4445A7205A69EE00D0A043 /* ViewController.m in Sources */ = {isa = PBXBuildFile; fileRef = 4B4445A4205A69EE00D0A043 /* ViewController.m */; };
		4B4445AA205A9BD800D0A043 /* ModelC.m in Sources */ = {isa = PBXBuildFile; fileRef = 4B4445A9205A9BD800D0A043 /* ModelC.m */; };
		4B4445AD205BAFA600D0A043 /* TestVC13.m in Sources */ = {isa = PBXBuildFile; fileRef = 4B4445AC205BAFA600D0A043 /* TestVC13.m */; };
		4B771502202ED09F00257BD8 /* TestVC0.m in Sources */ = {isa = PBXBuildFile; fileRef = 4B771501202ED09F00257BD8 /* TestVC0.m */; };
		4B771505202ED0B600257BD8 /* TestVC1.m in Sources */ = {isa = PBXBuildFile; fileRef = 4B771504202ED0B600257BD8 /* TestVC1.m */; };
		4B771508202ED0C200257BD8 /* TestVC2.m in Sources */ = {isa = PBXBuildFile; fileRef = 4B771507202ED0C200257BD8 /* TestVC2.m */; };
		4B77150B202ED0D200257BD8 /* TestVC3.m in Sources */ = {isa = PBXBuildFile; fileRef = 4B77150A202ED0D200257BD8 /* TestVC3.m */; };
		4B77150E202ED2D700257BD8 /* TestVC4.m in Sources */ = {isa = PBXBuildFile; fileRef = 4B77150D202ED2D700257BD8 /* TestVC4.m */; };
		4B771511202ED2E200257BD8 /* TestVC5.m in Sources */ = {isa = PBXBuildFile; fileRef = 4B771510202ED2E200257BD8 /* TestVC5.m */; };
		4B771514202ED86100257BD8 /* TestBaseVC.m in Sources */ = {isa = PBXBuildFile; fileRef = 4B771513202ED86100257BD8 /* TestBaseVC.m */; };
		4B771521202EF35300257BD8 /* TestVC6.m in Sources */ = {isa = PBXBuildFile; fileRef = 4B771520202EF35300257BD8 /* TestVC6.m */; };
		4B771524202EF36000257BD8 /* TestVC7.m in Sources */ = {isa = PBXBuildFile; fileRef = 4B771523202EF36000257BD8 /* TestVC7.m */; };
		4B7ACD4D2028470B00504726 /* Test_Nullability.m in Sources */ = {isa = PBXBuildFile; fileRef = 4B7ACD4C2028470B00504726 /* Test_Nullability.m */; };
		4B8161A4212C0DA100DA77F5 /* TestVC20.m in Sources */ = {isa = PBXBuildFile; fileRef = 4B8161A3212C0DA100DA77F5 /* TestVC20.m */; };
		4B8161A7212C2CA500DA77F5 /* GCDModel.m in Sources */ = {isa = PBXBuildFile; fileRef = 4B8161A6212C2CA500DA77F5 /* GCDModel.m */; };
		4B8161AA212C2CC800DA77F5 /* GCDModel2.m in Sources */ = {isa = PBXBuildFile; fileRef = 4B8161A9212C2CC800DA77F5 /* GCDModel2.m */; };
		4B8161AD212C2CD600DA77F5 /* GCDModel3.m in Sources */ = {isa = PBXBuildFile; fileRef = 4B8161AC212C2CD600DA77F5 /* GCDModel3.m */; };
		4B89431320622EE200924FD2 /* TestVC14.m in Sources */ = {isa = PBXBuildFile; fileRef = 4B89431220622EE200924FD2 /* TestVC14.m */; };
		4B89431920624E4800924FD2 /* TestVC15.m in Sources */ = {isa = PBXBuildFile; fileRef = 4B89431720624E4800924FD2 /* TestVC15.m */; };
		4B89431A20624E4800924FD2 /* TestVC15.xib in Resources */ = {isa = PBXBuildFile; fileRef = 4B89431820624E4800924FD2 /* TestVC15.xib */; };
		4B89431C20624E9C00924FD2 /* TestVC14.xib in Resources */ = {isa = PBXBuildFile; fileRef = 4B89431B20624E9C00924FD2 /* TestVC14.xib */; };
		4B977CA720689B7D00671B96 /* PNBar.m in Sources */ = {isa = PBXBuildFile; fileRef = 4B977C8720689B7D00671B96 /* PNBar.m */; };
		4B977CA820689B7D00671B96 /* PNBarChart.m in Sources */ = {isa = PBXBuildFile; fileRef = 4B977C8920689B7D00671B96 /* PNBarChart.m */; };
		4B977CA920689B7D00671B96 /* PNChartLabel.m in Sources */ = {isa = PBXBuildFile; fileRef = 4B977C8D20689B7D00671B96 /* PNChartLabel.m */; };
		4B977CAA20689B7D00671B96 /* PNCircleChart.m in Sources */ = {isa = PBXBuildFile; fileRef = 4B977C8F20689B7D00671B96 /* PNCircleChart.m */; };
		4B977CAB20689B7D00671B96 /* PNColor.m in Sources */ = {isa = PBXBuildFile; fileRef = 4B977C9120689B7D00671B96 /* PNColor.m */; };
		4B977CAC20689B7D00671B96 /* PNGenericChart.m in Sources */ = {isa = PBXBuildFile; fileRef = 4B977C9320689B7D00671B96 /* PNGenericChart.m */; };
		4B977CAD20689B7D00671B96 /* PNLineChart.m in Sources */ = {isa = PBXBuildFile; fileRef = 4B977C9520689B7D00671B96 /* PNLineChart.m */; };
		4B977CAE20689B7D00671B96 /* PNLineChartData.m in Sources */ = {isa = PBXBuildFile; fileRef = 4B977C9720689B7D00671B96 /* PNLineChartData.m */; };
		4B977CAF20689B7D00671B96 /* PNLineChartDataItem.m in Sources */ = {isa = PBXBuildFile; fileRef = 4B977C9920689B7D00671B96 /* PNLineChartDataItem.m */; };
		4B977CB020689B7D00671B96 /* PNPieChart.m in Sources */ = {isa = PBXBuildFile; fileRef = 4B977C9B20689B7D00671B96 /* PNPieChart.m */; };
		4B977CB120689B7D00671B96 /* PNPieChartDataItem.m in Sources */ = {isa = PBXBuildFile; fileRef = 4B977C9D20689B7D00671B96 /* PNPieChartDataItem.m */; };
		4B977CB220689B7D00671B96 /* PNScatterChart.m in Sources */ = {isa = PBXBuildFile; fileRef = 4B977C9F20689B7D00671B96 /* PNScatterChart.m */; };
		4B977CB320689B7D00671B96 /* PNScatterChartData.m in Sources */ = {isa = PBXBuildFile; fileRef = 4B977CA120689B7D00671B96 /* PNScatterChartData.m */; };
		4B977CB420689B7D00671B96 /* PNScatterChartDataItem.m in Sources */ = {isa = PBXBuildFile; fileRef = 4B977CA320689B7D00671B96 /* PNScatterChartDataItem.m */; };
		4B977CB520689B7D00671B96 /* UICountingLabel.m in Sources */ = {isa = PBXBuildFile; fileRef = 4B977CA620689B7D00671B96 /* UICountingLabel.m */; };
		4BA0A731204E2F8800AD5683 /* TestVC9.m in Sources */ = {isa = PBXBuildFile; fileRef = 4BA0A730204E2F8800AD5683 /* TestVC9.m */; };
		4BA0A735204F872300AD5683 /* UIImageView+RoundedCorner.m in Sources */ = {isa = PBXBuildFile; fileRef = 4BA0A734204F872300AD5683 /* UIImageView+RoundedCorner.m */; };
		4BA0A738204F8BB300AD5683 /* UIImage+PureColor.m in Sources */ = {isa = PBXBuildFile; fileRef = 4BA0A737204F8BB300AD5683 /* UIImage+PureColor.m */; };
		4BA0A73A204F96DD00AD5683 /* fish.png in Resources */ = {isa = PBXBuildFile; fileRef = 4BA0A739204F96DD00AD5683 /* fish.png */; };
		4BA0A73D204FBAD500AD5683 /* UIButton+AddResponseArea.m in Sources */ = {isa = PBXBuildFile; fileRef = 4BA0A73C204FBAD500AD5683 /* UIButton+AddResponseArea.m */; };
		4BA0A7432051375100AD5683 /* ThreadA.m in Sources */ = {isa = PBXBuildFile; fileRef = 4BA0A7422051375100AD5683 /* ThreadA.m */; };
		4BA0A746205161B000AD5683 /* TestVC10.m in Sources */ = {isa = PBXBuildFile; fileRef = 4BA0A745205161B000AD5683 /* TestVC10.m */; };
		4BC7C51520880B5B00C389B0 /* TestVC18.m in Sources */ = {isa = PBXBuildFile; fileRef = 4BC7C51420880B5B00C389B0 /* TestVC18.m */; };
		4BE33AF920C7E6DF00052FFC /* Boy.m in Sources */ = {isa = PBXBuildFile; fileRef = 4BE33AF820C7E6DF00052FFC /* Boy.m */; };
		4BE33AFC20C7E73700052FFC /* Girl.m in Sources */ = {isa = PBXBuildFile; fileRef = 4BE33AFB20C7E73700052FFC /* Girl.m */; };
		4BE33AFF20C9259400052FFC /* TestVC19.m in Sources */ = {isa = PBXBuildFile; fileRef = 4BE33AFE20C9259400052FFC /* TestVC19.m */; };
		4BE33B0220C9264200052FFC /* ImageData.m in Sources */ = {isa = PBXBuildFile; fileRef = 4BE33B0020C9264200052FFC /* ImageData.m */; };
		4BF4C19322A354510070BE6A /* KVOModel.m in Sources */ = {isa = PBXBuildFile; fileRef = 4BF4C19222A354510070BE6A /* KVOModel.m */; };
		4BF4C19622A356290070BE6A /* TestVC23.m in Sources */ = {isa = PBXBuildFile; fileRef = 4BF4C19522A356290070BE6A /* TestVC23.m */; };
		4BF4C19822A359280070BE6A /* TestVC23.xib in Resources */ = {isa = PBXBuildFile; fileRef = 4BF4C19722A359280070BE6A /* TestVC23.xib */; };
		4BFE67DD21412AA3003D2F82 /* UIImage+HookImageName.m in Sources */ = {isa = PBXBuildFile; fileRef = 4BFE67DC21412AA3003D2F82 /* UIImage+HookImageName.m */; };
		514EB2927435E59C600C1C94 /* libPods-OCTest.a in Frameworks */ = {isa = PBXBuildFile; fileRef = EB76390D6C12E9B7E579A7A8 /* libPods-OCTest.a */; };
		7A1E4179222A588200A54DD9 /* TestVC22.m in Sources */ = {isa = PBXBuildFile; fileRef = 7A1E4178222A588200A54DD9 /* TestVC22.m */; };
		7AA3473A2228CBD700D0D712 /* TestVC21.m in Sources */ = {isa = PBXBuildFile; fileRef = 7AA347392228CBD700D0D712 /* TestVC21.m */; };
		7AA3473C2228E4D600D0D712 /* one.png in Resources */ = {isa = PBXBuildFile; fileRef = 7AA3473B2228E4D600D0D712 /* one.png */; };
		FB4645F523C5B04B004E49A6 /* TestVC24.m in Sources */ = {isa = PBXBuildFile; fileRef = FB4645F423C5B04B004E49A6 /* TestVC24.m */; };
		FB4645F823C5D852004E49A6 /* People.m in Sources */ = {isa = PBXBuildFile; fileRef = FB4645F723C5D852004E49A6 /* People.m */; };
		FB4645FB23C5D864004E49A6 /* Man.m in Sources */ = {isa = PBXBuildFile; fileRef = FB4645FA23C5D864004E49A6 /* Man.m */; };
/* End PBXBuildFile section */

/* Begin PBXContainerItemProxy section */
		4B0F5D20202199F6001F65A2 /* PBXContainerItemProxy */ = {
			isa = PBXContainerItemProxy;
			containerPortal = 4B0F5CFF202199F6001F65A2 /* Project object */;
			proxyType = 1;
			remoteGlobalIDString = 4B0F5D06202199F6001F65A2;
			remoteInfo = OCTest;
		};
		4B0F5D2B202199F6001F65A2 /* PBXContainerItemProxy */ = {
			isa = PBXContainerItemProxy;
			containerPortal = 4B0F5CFF202199F6001F65A2 /* Project object */;
			proxyType = 1;
			remoteGlobalIDString = 4B0F5D06202199F6001F65A2;
			remoteInfo = OCTest;
		};
/* End PBXContainerItemProxy section */

/* Begin PBXFileReference section */
		185F99592728F1BA00D9F914 /* NSMutableArray+Safe.h */ = {isa = PBXFileReference; lastKnownFileType = sourcecode.c.h; path = "NSMutableArray+Safe.h"; sourceTree = "<group>"; };
		185F995A2728F1BA00D9F914 /* NSMutableArray+Safe.m */ = {isa = PBXFileReference; lastKnownFileType = sourcecode.c.objc; path = "NSMutableArray+Safe.m"; sourceTree = "<group>"; };
		185F995C2728F1D900D9F914 /* NSObject+Runtime.h */ = {isa = PBXFileReference; lastKnownFileType = sourcecode.c.h; path = "NSObject+Runtime.h"; sourceTree = "<group>"; };
		185F995D2728F1D900D9F914 /* NSObject+Runtime.m */ = {isa = PBXFileReference; lastKnownFileType = sourcecode.c.objc; path = "NSObject+Runtime.m"; sourceTree = "<group>"; };
		185F995F272902DA00D9F914 /* TestVC27.h */ = {isa = PBXFileReference; lastKnownFileType = sourcecode.c.h; path = TestVC27.h; sourceTree = "<group>"; };
		185F9960272902DA00D9F914 /* TestVC27.m */ = {isa = PBXFileReference; lastKnownFileType = sourcecode.c.objc; path = TestVC27.m; sourceTree = "<group>"; };
		185F99622729222C00D9F914 /* TestVC28.h */ = {isa = PBXFileReference; lastKnownFileType = sourcecode.c.h; path = TestVC28.h; sourceTree = "<group>"; };
		185F99632729222C00D9F914 /* TestVC28.m */ = {isa = PBXFileReference; lastKnownFileType = sourcecode.c.objc; path = TestVC28.m; sourceTree = "<group>"; };
		185F9965272CA73F00D9F914 /* TestVC29.h */ = {isa = PBXFileReference; lastKnownFileType = sourcecode.c.h; path = TestVC29.h; sourceTree = "<group>"; };
		185F9966272CA73F00D9F914 /* TestVC29.m */ = {isa = PBXFileReference; lastKnownFileType = sourcecode.c.objc; path = TestVC29.m; sourceTree = "<group>"; };
		185F99682732635D00D9F914 /* SafeMutableArray.h */ = {isa = PBXFileReference; lastKnownFileType = sourcecode.c.h; path = SafeMutableArray.h; sourceTree = "<group>"; };
		185F99692732635D00D9F914 /* SafeMutableArray.m */ = {isa = PBXFileReference; lastKnownFileType = sourcecode.c.objc; path = SafeMutableArray.m; sourceTree = "<group>"; };
		185F996B2735210A00D9F914 /* TestVC30.h */ = {isa = PBXFileReference; lastKnownFileType = sourcecode.c.h; path = TestVC30.h; sourceTree = "<group>"; };
		185F996C2735210A00D9F914 /* TestVC30.m */ = {isa = PBXFileReference; lastKnownFileType = sourcecode.c.objc; path = TestVC30.m; sourceTree = "<group>"; };
		185F996E2735269700D9F914 /* TestVC31.h */ = {isa = PBXFileReference; lastKnownFileType = sourcecode.c.h; path = TestVC31.h; sourceTree = "<group>"; };
		185F996F2735269700D9F914 /* TestVC31.m */ = {isa = PBXFileReference; lastKnownFileType = sourcecode.c.objc; path = TestVC31.m; sourceTree = "<group>"; };
		1867DA932611CD25004FBBBE /* OCTestStyle.h */ = {isa = PBXFileReference; lastKnownFileType = sourcecode.c.h; path = OCTestStyle.h; sourceTree = "<group>"; };
		1867DA972611D06E004FBBBE /* SBBreathLightView.h */ = {isa = PBXFileReference; lastKnownFileType = sourcecode.c.h; path = SBBreathLightView.h; sourceTree = "<group>"; };
		1867DA982611D06E004FBBBE /* SBBreathLightView.m */ = {isa = PBXFileReference; lastKnownFileType = sourcecode.c.objc; path = SBBreathLightView.m; sourceTree = "<group>"; };
		1883C8D5271E9DFC000980EA /* TestModule.h */ = {isa = PBXFileReference; lastKnownFileType = sourcecode.c.h; path = TestModule.h; sourceTree = "<group>"; };
		1883C8D6271E9DFC000980EA /* TestModule.m */ = {isa = PBXFileReference; lastKnownFileType = sourcecode.c.objc; path = TestModule.m; sourceTree = "<group>"; };
		1883C8D827265439000980EA /* TestVC26.h */ = {isa = PBXFileReference; lastKnownFileType = sourcecode.c.h; path = TestVC26.h; sourceTree = "<group>"; };
		1883C8D927265439000980EA /* TestVC26.m */ = {isa = PBXFileReference; lastKnownFileType = sourcecode.c.objc; path = TestVC26.m; sourceTree = "<group>"; };
		1883C8DB2727DE27000980EA /* NSObject+zombieDealloc.m */ = {isa = PBXFileReference; fileEncoding = 4; lastKnownFileType = sourcecode.c.objc; path = "NSObject+zombieDealloc.m"; sourceTree = "<group>"; };
		1883C8DC2727DE27000980EA /* NSObject+zombieDealloc.h */ = {isa = PBXFileReference; fileEncoding = 4; lastKnownFileType = sourcecode.c.h; path = "NSObject+zombieDealloc.h"; sourceTree = "<group>"; };
		18A19DC5271D7CE000D29E10 /* TestVC25.h */ = {isa = PBXFileReference; lastKnownFileType = sourcecode.c.h; path = TestVC25.h; sourceTree = "<group>"; };
		18A19DC6271D7CE000D29E10 /* TestVC25.m */ = {isa = PBXFileReference; lastKnownFileType = sourcecode.c.objc; path = TestVC25.m; sourceTree = "<group>"; };
		22F1DBCD8913BF612FEC28C6 /* Pods-OCTest.release.xcconfig */ = {isa = PBXFileReference; includeInIndex = 1; lastKnownFileType = text.xcconfig; name = "Pods-OCTest.release.xcconfig"; path = "Pods/Target Support Files/Pods-OCTest/Pods-OCTest.release.xcconfig"; sourceTree = "<group>"; };
		3D407D507D99F4092B4E117E /* Pods-OCTest.debug.xcconfig */ = {isa = PBXFileReference; includeInIndex = 1; lastKnownFileType = text.xcconfig; name = "Pods-OCTest.debug.xcconfig"; path = "Pods/Target Support Files/Pods-OCTest/Pods-OCTest.debug.xcconfig"; sourceTree = "<group>"; };
		4B0D887E2087459300908880 /* TestVC17.h */ = {isa = PBXFileReference; fileEncoding = 4; lastKnownFileType = sourcecode.c.h; path = TestVC17.h; sourceTree = "<group>"; };
		4B0D887F2087459300908880 /* TestVC17.m */ = {isa = PBXFileReference; fileEncoding = 4; lastKnownFileType = sourcecode.c.objc; path = TestVC17.m; sourceTree = "<group>"; };
		4B0F5D07202199F6001F65A2 /* OCTest.app */ = {isa = PBXFileReference; explicitFileType = wrapper.application; includeInIndex = 0; path = OCTest.app; sourceTree = BUILT_PRODUCTS_DIR; };
		4B0F5D11202199F6001F65A2 /* Base */ = {isa = PBXFileReference; lastKnownFileType = file.storyboard; name = Base; path = Base.lproj/Main.storyboard; sourceTree = "<group>"; };
		4B0F5D13202199F6001F65A2 /* Assets.xcassets */ = {isa = PBXFileReference; lastKnownFileType = folder.assetcatalog; path = Assets.xcassets; sourceTree = "<group>"; };
		4B0F5D16202199F6001F65A2 /* Base */ = {isa = PBXFileReference; lastKnownFileType = file.storyboard; name = Base; path = Base.lproj/LaunchScreen.storyboard; sourceTree = "<group>"; };
		4B0F5D18202199F6001F65A2 /* Info.plist */ = {isa = PBXFileReference; lastKnownFileType = text.plist.xml; path = Info.plist; sourceTree = "<group>"; };
		4B0F5D19202199F6001F65A2 /* main.m */ = {isa = PBXFileReference; lastKnownFileType = sourcecode.c.objc; path = main.m; sourceTree = "<group>"; };
		4B0F5D1F202199F6001F65A2 /* OCTestTests.xctest */ = {isa = PBXFileReference; explicitFileType = wrapper.cfbundle; includeInIndex = 0; path = OCTestTests.xctest; sourceTree = BUILT_PRODUCTS_DIR; };
		4B0F5D23202199F6001F65A2 /* OCTestTests.m */ = {isa = PBXFileReference; lastKnownFileType = sourcecode.c.objc; path = OCTestTests.m; sourceTree = "<group>"; };
		4B0F5D25202199F6001F65A2 /* Info.plist */ = {isa = PBXFileReference; lastKnownFileType = text.plist.xml; path = Info.plist; sourceTree = "<group>"; };
		4B0F5D2A202199F6001F65A2 /* OCTestUITests.xctest */ = {isa = PBXFileReference; explicitFileType = wrapper.cfbundle; includeInIndex = 0; path = OCTestUITests.xctest; sourceTree = BUILT_PRODUCTS_DIR; };
		4B0F5D2E202199F6001F65A2 /* OCTestUITests.m */ = {isa = PBXFileReference; lastKnownFileType = sourcecode.c.objc; path = OCTestUITests.m; sourceTree = "<group>"; };
		4B0F5D30202199F6001F65A2 /* Info.plist */ = {isa = PBXFileReference; lastKnownFileType = text.plist.xml; path = Info.plist; sourceTree = "<group>"; };
		4B0F5D422021A801001F65A2 /* Test_Generics.h */ = {isa = PBXFileReference; lastKnownFileType = sourcecode.c.h; path = Test_Generics.h; sourceTree = "<group>"; };
		4B0F5D432021A801001F65A2 /* Test_Generics.m */ = {isa = PBXFileReference; lastKnownFileType = sourcecode.c.objc; path = Test_Generics.m; sourceTree = "<group>"; };
		4B0F5D452022C612001F65A2 /* Person.h */ = {isa = PBXFileReference; lastKnownFileType = sourcecode.c.h; path = Person.h; sourceTree = "<group>"; };
		4B0F5D462022C612001F65A2 /* Person.m */ = {isa = PBXFileReference; lastKnownFileType = sourcecode.c.objc; path = Person.m; sourceTree = "<group>"; };
		4B1DE670207F006A00EE6A61 /* TestVC16.h */ = {isa = PBXFileReference; lastKnownFileType = sourcecode.c.h; path = TestVC16.h; sourceTree = "<group>"; };
		4B1DE671207F006A00EE6A61 /* TestVC16.m */ = {isa = PBXFileReference; lastKnownFileType = sourcecode.c.objc; path = TestVC16.m; sourceTree = "<group>"; };
		4B1DE672207F006A00EE6A61 /* TestVC16.xib */ = {isa = PBXFileReference; lastKnownFileType = file.xib; path = TestVC16.xib; sourceTree = "<group>"; };
		4B22F2BA2047E5D70013C590 /* TestVC8.h */ = {isa = PBXFileReference; lastKnownFileType = sourcecode.c.h; path = TestVC8.h; sourceTree = "<group>"; };
		4B22F2BB2047E5D70013C590 /* TestVC8.m */ = {isa = PBXFileReference; lastKnownFileType = sourcecode.c.objc; path = TestVC8.m; sourceTree = "<group>"; };
		4B424FD9206B3C4A00AB306F /* TestVC6.xib */ = {isa = PBXFileReference; lastKnownFileType = file.xib; path = TestVC6.xib; sourceTree = "<group>"; };
		4B444582205A175700D0A043 /* TestVC11.h */ = {isa = PBXFileReference; lastKnownFileType = sourcecode.c.h; path = TestVC11.h; sourceTree = "<group>"; };
		4B444583205A175700D0A043 /* TestVC11.m */ = {isa = PBXFileReference; lastKnownFileType = sourcecode.c.objc; path = TestVC11.m; sourceTree = "<group>"; };
		4B444585205A1AE300D0A043 /* RuntimeTestModel.h */ = {isa = PBXFileReference; lastKnownFileType = sourcecode.c.h; path = RuntimeTestModel.h; sourceTree = "<group>"; };
		4B444586205A1AE300D0A043 /* RuntimeTestModel.m */ = {isa = PBXFileReference; lastKnownFileType = sourcecode.c.objc; path = RuntimeTestModel.m; sourceTree = "<group>"; };
		4B44458B205A3CA800D0A043 /* ModelA.h */ = {isa = PBXFileReference; lastKnownFileType = sourcecode.c.h; path = ModelA.h; sourceTree = "<group>"; };
		4B44458C205A3CA800D0A043 /* ModelA.m */ = {isa = PBXFileReference; lastKnownFileType = sourcecode.c.objc; path = ModelA.m; sourceTree = "<group>"; };
		4B44458E205A3CB600D0A043 /* ModelB.h */ = {isa = PBXFileReference; lastKnownFileType = sourcecode.c.h; path = ModelB.h; sourceTree = "<group>"; };
		4B44458F205A3CB600D0A043 /* ModelB.m */ = {isa = PBXFileReference; lastKnownFileType = sourcecode.c.objc; path = ModelB.m; sourceTree = "<group>"; };
		4B444591205A417600D0A043 /* TestVC12.h */ = {isa = PBXFileReference; lastKnownFileType = sourcecode.c.h; path = TestVC12.h; sourceTree = "<group>"; };
		4B444592205A417600D0A043 /* TestVC12.m */ = {isa = PBXFileReference; lastKnownFileType = sourcecode.c.objc; path = TestVC12.m; sourceTree = "<group>"; };
		4B444594205A4E9300D0A043 /* NSObject+AddProperty.h */ = {isa = PBXFileReference; lastKnownFileType = sourcecode.c.h; path = "NSObject+AddProperty.h"; sourceTree = "<group>"; };
		4B444595205A4E9300D0A043 /* NSObject+AddProperty.m */ = {isa = PBXFileReference; lastKnownFileType = sourcecode.c.objc; path = "NSObject+AddProperty.m"; sourceTree = "<group>"; };
		4B444598205A509800D0A043 /* TestView.h */ = {isa = PBXFileReference; fileEncoding = 4; lastKnownFileType = sourcecode.c.h; path = TestView.h; sourceTree = "<group>"; };
		4B444599205A509800D0A043 /* TestView.m */ = {isa = PBXFileReference; fileEncoding = 4; lastKnownFileType = sourcecode.c.objc; path = TestView.m; sourceTree = "<group>"; };
		4B44459B205A55A200D0A043 /* NSObject+AddMethod.h */ = {isa = PBXFileReference; lastKnownFileType = sourcecode.c.h; path = "NSObject+AddMethod.h"; sourceTree = "<group>"; };
		4B44459C205A55A200D0A043 /* NSObject+AddMethod.m */ = {isa = PBXFileReference; lastKnownFileType = sourcecode.c.objc; path = "NSObject+AddMethod.m"; sourceTree = "<group>"; };
		4B44459F205A69EE00D0A043 /* ViewController.h */ = {isa = PBXFileReference; fileEncoding = 4; lastKnownFileType = sourcecode.c.h; path = ViewController.h; sourceTree = "<group>"; };
		4B4445A0205A69EE00D0A043 /* AppDelegate.m */ = {isa = PBXFileReference; fileEncoding = 4; lastKnownFileType = sourcecode.c.objc; path = AppDelegate.m; sourceTree = "<group>"; };
		4B4445A1205A69EE00D0A043 /* CustomViewController.m */ = {isa = PBXFileReference; fileEncoding = 4; lastKnownFileType = sourcecode.c.objc; path = CustomViewController.m; sourceTree = "<group>"; };
		4B4445A2205A69EE00D0A043 /* AppDelegate.h */ = {isa = PBXFileReference; fileEncoding = 4; lastKnownFileType = sourcecode.c.h; path = AppDelegate.h; sourceTree = "<group>"; };
		4B4445A3205A69EE00D0A043 /* CustomViewController.h */ = {isa = PBXFileReference; fileEncoding = 4; lastKnownFileType = sourcecode.c.h; path = CustomViewController.h; sourceTree = "<group>"; };
		4B4445A4205A69EE00D0A043 /* ViewController.m */ = {isa = PBXFileReference; fileEncoding = 4; lastKnownFileType = sourcecode.c.objc; path = ViewController.m; sourceTree = "<group>"; };
		4B4445A8205A9BD800D0A043 /* ModelC.h */ = {isa = PBXFileReference; lastKnownFileType = sourcecode.c.h; path = ModelC.h; sourceTree = "<group>"; };
		4B4445A9205A9BD800D0A043 /* ModelC.m */ = {isa = PBXFileReference; lastKnownFileType = sourcecode.c.objc; path = ModelC.m; sourceTree = "<group>"; };
		4B4445AB205BAFA600D0A043 /* TestVC13.h */ = {isa = PBXFileReference; lastKnownFileType = sourcecode.c.h; path = TestVC13.h; sourceTree = "<group>"; };
		4B4445AC205BAFA600D0A043 /* TestVC13.m */ = {isa = PBXFileReference; lastKnownFileType = sourcecode.c.objc; path = TestVC13.m; sourceTree = "<group>"; };
		4B771500202ED09F00257BD8 /* TestVC0.h */ = {isa = PBXFileReference; lastKnownFileType = sourcecode.c.h; path = TestVC0.h; sourceTree = "<group>"; };
		4B771501202ED09F00257BD8 /* TestVC0.m */ = {isa = PBXFileReference; lastKnownFileType = sourcecode.c.objc; path = TestVC0.m; sourceTree = "<group>"; };
		4B771503202ED0B600257BD8 /* TestVC1.h */ = {isa = PBXFileReference; lastKnownFileType = sourcecode.c.h; path = TestVC1.h; sourceTree = "<group>"; };
		4B771504202ED0B600257BD8 /* TestVC1.m */ = {isa = PBXFileReference; lastKnownFileType = sourcecode.c.objc; path = TestVC1.m; sourceTree = "<group>"; };
		4B771506202ED0C200257BD8 /* TestVC2.h */ = {isa = PBXFileReference; lastKnownFileType = sourcecode.c.h; path = TestVC2.h; sourceTree = "<group>"; };
		4B771507202ED0C200257BD8 /* TestVC2.m */ = {isa = PBXFileReference; lastKnownFileType = sourcecode.c.objc; path = TestVC2.m; sourceTree = "<group>"; };
		4B771509202ED0D200257BD8 /* TestVC3.h */ = {isa = PBXFileReference; lastKnownFileType = sourcecode.c.h; path = TestVC3.h; sourceTree = "<group>"; };
		4B77150A202ED0D200257BD8 /* TestVC3.m */ = {isa = PBXFileReference; lastKnownFileType = sourcecode.c.objc; path = TestVC3.m; sourceTree = "<group>"; };
		4B77150C202ED2D700257BD8 /* TestVC4.h */ = {isa = PBXFileReference; lastKnownFileType = sourcecode.c.h; path = TestVC4.h; sourceTree = "<group>"; };
		4B77150D202ED2D700257BD8 /* TestVC4.m */ = {isa = PBXFileReference; lastKnownFileType = sourcecode.c.objc; path = TestVC4.m; sourceTree = "<group>"; };
		4B77150F202ED2E200257BD8 /* TestVC5.h */ = {isa = PBXFileReference; lastKnownFileType = sourcecode.c.h; path = TestVC5.h; sourceTree = "<group>"; };
		4B771510202ED2E200257BD8 /* TestVC5.m */ = {isa = PBXFileReference; lastKnownFileType = sourcecode.c.objc; path = TestVC5.m; sourceTree = "<group>"; };
		4B771512202ED86100257BD8 /* TestBaseVC.h */ = {isa = PBXFileReference; lastKnownFileType = sourcecode.c.h; path = TestBaseVC.h; sourceTree = "<group>"; };
		4B771513202ED86100257BD8 /* TestBaseVC.m */ = {isa = PBXFileReference; lastKnownFileType = sourcecode.c.objc; path = TestBaseVC.m; sourceTree = "<group>"; };
		4B77151F202EF35300257BD8 /* TestVC6.h */ = {isa = PBXFileReference; lastKnownFileType = sourcecode.c.h; path = TestVC6.h; sourceTree = "<group>"; };
		4B771520202EF35300257BD8 /* TestVC6.m */ = {isa = PBXFileReference; lastKnownFileType = sourcecode.c.objc; path = TestVC6.m; sourceTree = "<group>"; };
		4B771522202EF36000257BD8 /* TestVC7.h */ = {isa = PBXFileReference; lastKnownFileType = sourcecode.c.h; path = TestVC7.h; sourceTree = "<group>"; };
		4B771523202EF36000257BD8 /* TestVC7.m */ = {isa = PBXFileReference; lastKnownFileType = sourcecode.c.objc; path = TestVC7.m; sourceTree = "<group>"; };
		4B7ACD4B2028470B00504726 /* Test_Nullability.h */ = {isa = PBXFileReference; lastKnownFileType = sourcecode.c.h; path = Test_Nullability.h; sourceTree = "<group>"; };
		4B7ACD4C2028470B00504726 /* Test_Nullability.m */ = {isa = PBXFileReference; lastKnownFileType = sourcecode.c.objc; path = Test_Nullability.m; sourceTree = "<group>"; };
		4B8161A2212C0DA100DA77F5 /* TestVC20.h */ = {isa = PBXFileReference; fileEncoding = 4; lastKnownFileType = sourcecode.c.h; path = TestVC20.h; sourceTree = "<group>"; };
		4B8161A3212C0DA100DA77F5 /* TestVC20.m */ = {isa = PBXFileReference; fileEncoding = 4; lastKnownFileType = sourcecode.c.objc; path = TestVC20.m; sourceTree = "<group>"; };
		4B8161A5212C2CA500DA77F5 /* GCDModel.h */ = {isa = PBXFileReference; lastKnownFileType = sourcecode.c.h; path = GCDModel.h; sourceTree = "<group>"; };
		4B8161A6212C2CA500DA77F5 /* GCDModel.m */ = {isa = PBXFileReference; lastKnownFileType = sourcecode.c.objc; path = GCDModel.m; sourceTree = "<group>"; };
		4B8161A8212C2CC800DA77F5 /* GCDModel2.h */ = {isa = PBXFileReference; lastKnownFileType = sourcecode.c.h; path = GCDModel2.h; sourceTree = "<group>"; };
		4B8161A9212C2CC800DA77F5 /* GCDModel2.m */ = {isa = PBXFileReference; lastKnownFileType = sourcecode.c.objc; path = GCDModel2.m; sourceTree = "<group>"; };
		4B8161AB212C2CD600DA77F5 /* GCDModel3.h */ = {isa = PBXFileReference; lastKnownFileType = sourcecode.c.h; path = GCDModel3.h; sourceTree = "<group>"; };
		4B8161AC212C2CD600DA77F5 /* GCDModel3.m */ = {isa = PBXFileReference; lastKnownFileType = sourcecode.c.objc; path = GCDModel3.m; sourceTree = "<group>"; };
		4B89431120622EE200924FD2 /* TestVC14.h */ = {isa = PBXFileReference; lastKnownFileType = sourcecode.c.h; path = TestVC14.h; sourceTree = "<group>"; };
		4B89431220622EE200924FD2 /* TestVC14.m */ = {isa = PBXFileReference; lastKnownFileType = sourcecode.c.objc; path = TestVC14.m; sourceTree = "<group>"; };
		4B89431620624E4800924FD2 /* TestVC15.h */ = {isa = PBXFileReference; lastKnownFileType = sourcecode.c.h; path = TestVC15.h; sourceTree = "<group>"; };
		4B89431720624E4800924FD2 /* TestVC15.m */ = {isa = PBXFileReference; lastKnownFileType = sourcecode.c.objc; path = TestVC15.m; sourceTree = "<group>"; };
		4B89431820624E4800924FD2 /* TestVC15.xib */ = {isa = PBXFileReference; lastKnownFileType = file.xib; path = TestVC15.xib; sourceTree = "<group>"; };
		4B89431B20624E9C00924FD2 /* TestVC14.xib */ = {isa = PBXFileReference; lastKnownFileType = file.xib; path = TestVC14.xib; sourceTree = "<group>"; };
		4B977C8320689B0900671B96 /* PrefixHeader_OCTest.pch */ = {isa = PBXFileReference; lastKnownFileType = sourcecode.c.h; path = PrefixHeader_OCTest.pch; sourceTree = "<group>"; };
		4B977C8620689B7D00671B96 /* PNBar.h */ = {isa = PBXFileReference; fileEncoding = 4; lastKnownFileType = sourcecode.c.h; path = PNBar.h; sourceTree = "<group>"; };
		4B977C8720689B7D00671B96 /* PNBar.m */ = {isa = PBXFileReference; fileEncoding = 4; lastKnownFileType = sourcecode.c.objc; path = PNBar.m; sourceTree = "<group>"; };
		4B977C8820689B7D00671B96 /* PNBarChart.h */ = {isa = PBXFileReference; fileEncoding = 4; lastKnownFileType = sourcecode.c.h; path = PNBarChart.h; sourceTree = "<group>"; };
		4B977C8920689B7D00671B96 /* PNBarChart.m */ = {isa = PBXFileReference; fileEncoding = 4; lastKnownFileType = sourcecode.c.objc; path = PNBarChart.m; sourceTree = "<group>"; };
		4B977C8A20689B7D00671B96 /* PNChart.h */ = {isa = PBXFileReference; fileEncoding = 4; lastKnownFileType = sourcecode.c.h; path = PNChart.h; sourceTree = "<group>"; };
		4B977C8B20689B7D00671B96 /* PNChartDelegate.h */ = {isa = PBXFileReference; fileEncoding = 4; lastKnownFileType = sourcecode.c.h; path = PNChartDelegate.h; sourceTree = "<group>"; };
		4B977C8C20689B7D00671B96 /* PNChartLabel.h */ = {isa = PBXFileReference; fileEncoding = 4; lastKnownFileType = sourcecode.c.h; path = PNChartLabel.h; sourceTree = "<group>"; };
		4B977C8D20689B7D00671B96 /* PNChartLabel.m */ = {isa = PBXFileReference; fileEncoding = 4; lastKnownFileType = sourcecode.c.objc; path = PNChartLabel.m; sourceTree = "<group>"; };
		4B977C8E20689B7D00671B96 /* PNCircleChart.h */ = {isa = PBXFileReference; fileEncoding = 4; lastKnownFileType = sourcecode.c.h; path = PNCircleChart.h; sourceTree = "<group>"; };
		4B977C8F20689B7D00671B96 /* PNCircleChart.m */ = {isa = PBXFileReference; fileEncoding = 4; lastKnownFileType = sourcecode.c.objc; path = PNCircleChart.m; sourceTree = "<group>"; };
		4B977C9020689B7D00671B96 /* PNColor.h */ = {isa = PBXFileReference; fileEncoding = 4; lastKnownFileType = sourcecode.c.h; path = PNColor.h; sourceTree = "<group>"; };
		4B977C9120689B7D00671B96 /* PNColor.m */ = {isa = PBXFileReference; fileEncoding = 4; lastKnownFileType = sourcecode.c.objc; path = PNColor.m; sourceTree = "<group>"; };
		4B977C9220689B7D00671B96 /* PNGenericChart.h */ = {isa = PBXFileReference; fileEncoding = 4; lastKnownFileType = sourcecode.c.h; path = PNGenericChart.h; sourceTree = "<group>"; };
		4B977C9320689B7D00671B96 /* PNGenericChart.m */ = {isa = PBXFileReference; fileEncoding = 4; lastKnownFileType = sourcecode.c.objc; path = PNGenericChart.m; sourceTree = "<group>"; };
		4B977C9420689B7D00671B96 /* PNLineChart.h */ = {isa = PBXFileReference; fileEncoding = 4; lastKnownFileType = sourcecode.c.h; path = PNLineChart.h; sourceTree = "<group>"; };
		4B977C9520689B7D00671B96 /* PNLineChart.m */ = {isa = PBXFileReference; fileEncoding = 4; lastKnownFileType = sourcecode.c.objc; path = PNLineChart.m; sourceTree = "<group>"; };
		4B977C9620689B7D00671B96 /* PNLineChartData.h */ = {isa = PBXFileReference; fileEncoding = 4; lastKnownFileType = sourcecode.c.h; path = PNLineChartData.h; sourceTree = "<group>"; };
		4B977C9720689B7D00671B96 /* PNLineChartData.m */ = {isa = PBXFileReference; fileEncoding = 4; lastKnownFileType = sourcecode.c.objc; path = PNLineChartData.m; sourceTree = "<group>"; };
		4B977C9820689B7D00671B96 /* PNLineChartDataItem.h */ = {isa = PBXFileReference; fileEncoding = 4; lastKnownFileType = sourcecode.c.h; path = PNLineChartDataItem.h; sourceTree = "<group>"; };
		4B977C9920689B7D00671B96 /* PNLineChartDataItem.m */ = {isa = PBXFileReference; fileEncoding = 4; lastKnownFileType = sourcecode.c.objc; path = PNLineChartDataItem.m; sourceTree = "<group>"; };
		4B977C9A20689B7D00671B96 /* PNPieChart.h */ = {isa = PBXFileReference; fileEncoding = 4; lastKnownFileType = sourcecode.c.h; path = PNPieChart.h; sourceTree = "<group>"; };
		4B977C9B20689B7D00671B96 /* PNPieChart.m */ = {isa = PBXFileReference; fileEncoding = 4; lastKnownFileType = sourcecode.c.objc; path = PNPieChart.m; sourceTree = "<group>"; };
		4B977C9C20689B7D00671B96 /* PNPieChartDataItem.h */ = {isa = PBXFileReference; fileEncoding = 4; lastKnownFileType = sourcecode.c.h; path = PNPieChartDataItem.h; sourceTree = "<group>"; };
		4B977C9D20689B7D00671B96 /* PNPieChartDataItem.m */ = {isa = PBXFileReference; fileEncoding = 4; lastKnownFileType = sourcecode.c.objc; path = PNPieChartDataItem.m; sourceTree = "<group>"; };
		4B977C9E20689B7D00671B96 /* PNScatterChart.h */ = {isa = PBXFileReference; fileEncoding = 4; lastKnownFileType = sourcecode.c.h; path = PNScatterChart.h; sourceTree = "<group>"; };
		4B977C9F20689B7D00671B96 /* PNScatterChart.m */ = {isa = PBXFileReference; fileEncoding = 4; lastKnownFileType = sourcecode.c.objc; path = PNScatterChart.m; sourceTree = "<group>"; };
		4B977CA020689B7D00671B96 /* PNScatterChartData.h */ = {isa = PBXFileReference; fileEncoding = 4; lastKnownFileType = sourcecode.c.h; path = PNScatterChartData.h; sourceTree = "<group>"; };
		4B977CA120689B7D00671B96 /* PNScatterChartData.m */ = {isa = PBXFileReference; fileEncoding = 4; lastKnownFileType = sourcecode.c.objc; path = PNScatterChartData.m; sourceTree = "<group>"; };
		4B977CA220689B7D00671B96 /* PNScatterChartDataItem.h */ = {isa = PBXFileReference; fileEncoding = 4; lastKnownFileType = sourcecode.c.h; path = PNScatterChartDataItem.h; sourceTree = "<group>"; };
		4B977CA320689B7D00671B96 /* PNScatterChartDataItem.m */ = {isa = PBXFileReference; fileEncoding = 4; lastKnownFileType = sourcecode.c.objc; path = PNScatterChartDataItem.m; sourceTree = "<group>"; };
		4B977CA520689B7D00671B96 /* UICountingLabel.h */ = {isa = PBXFileReference; fileEncoding = 4; lastKnownFileType = sourcecode.c.h; path = UICountingLabel.h; sourceTree = "<group>"; };
		4B977CA620689B7D00671B96 /* UICountingLabel.m */ = {isa = PBXFileReference; fileEncoding = 4; lastKnownFileType = sourcecode.c.objc; path = UICountingLabel.m; sourceTree = "<group>"; };
		4BA0A72F204E2F8800AD5683 /* TestVC9.h */ = {isa = PBXFileReference; lastKnownFileType = sourcecode.c.h; path = TestVC9.h; sourceTree = "<group>"; };
		4BA0A730204E2F8800AD5683 /* TestVC9.m */ = {isa = PBXFileReference; lastKnownFileType = sourcecode.c.objc; path = TestVC9.m; sourceTree = "<group>"; };
		4BA0A733204F872300AD5683 /* UIImageView+RoundedCorner.h */ = {isa = PBXFileReference; lastKnownFileType = sourcecode.c.h; path = "UIImageView+RoundedCorner.h"; sourceTree = "<group>"; };
		4BA0A734204F872300AD5683 /* UIImageView+RoundedCorner.m */ = {isa = PBXFileReference; lastKnownFileType = sourcecode.c.objc; path = "UIImageView+RoundedCorner.m"; sourceTree = "<group>"; };
		4BA0A736204F8BB300AD5683 /* UIImage+PureColor.h */ = {isa = PBXFileReference; lastKnownFileType = sourcecode.c.h; path = "UIImage+PureColor.h"; sourceTree = "<group>"; };
		4BA0A737204F8BB300AD5683 /* UIImage+PureColor.m */ = {isa = PBXFileReference; lastKnownFileType = sourcecode.c.objc; path = "UIImage+PureColor.m"; sourceTree = "<group>"; };
		4BA0A739204F96DD00AD5683 /* fish.png */ = {isa = PBXFileReference; lastKnownFileType = image.png; path = fish.png; sourceTree = "<group>"; };
		4BA0A73B204FBAD500AD5683 /* UIButton+AddResponseArea.h */ = {isa = PBXFileReference; lastKnownFileType = sourcecode.c.h; path = "UIButton+AddResponseArea.h"; sourceTree = "<group>"; };
		4BA0A73C204FBAD500AD5683 /* UIButton+AddResponseArea.m */ = {isa = PBXFileReference; lastKnownFileType = sourcecode.c.objc; path = "UIButton+AddResponseArea.m"; sourceTree = "<group>"; };
		4BA0A7412051375100AD5683 /* ThreadA.h */ = {isa = PBXFileReference; lastKnownFileType = sourcecode.c.h; path = ThreadA.h; sourceTree = "<group>"; };
		4BA0A7422051375100AD5683 /* ThreadA.m */ = {isa = PBXFileReference; lastKnownFileType = sourcecode.c.objc; path = ThreadA.m; sourceTree = "<group>"; };
		4BA0A744205161B000AD5683 /* TestVC10.h */ = {isa = PBXFileReference; lastKnownFileType = sourcecode.c.h; path = TestVC10.h; sourceTree = "<group>"; };
		4BA0A745205161B000AD5683 /* TestVC10.m */ = {isa = PBXFileReference; lastKnownFileType = sourcecode.c.objc; path = TestVC10.m; sourceTree = "<group>"; };
		4BC7C51320880B5B00C389B0 /* TestVC18.h */ = {isa = PBXFileReference; lastKnownFileType = sourcecode.c.h; path = TestVC18.h; sourceTree = "<group>"; };
		4BC7C51420880B5B00C389B0 /* TestVC18.m */ = {isa = PBXFileReference; lastKnownFileType = sourcecode.c.objc; path = TestVC18.m; sourceTree = "<group>"; };
		4BE33AF720C7E6DF00052FFC /* Boy.h */ = {isa = PBXFileReference; lastKnownFileType = sourcecode.c.h; path = Boy.h; sourceTree = "<group>"; };
		4BE33AF820C7E6DF00052FFC /* Boy.m */ = {isa = PBXFileReference; lastKnownFileType = sourcecode.c.objc; path = Boy.m; sourceTree = "<group>"; };
		4BE33AFA20C7E73700052FFC /* Girl.h */ = {isa = PBXFileReference; lastKnownFileType = sourcecode.c.h; path = Girl.h; sourceTree = "<group>"; };
		4BE33AFB20C7E73700052FFC /* Girl.m */ = {isa = PBXFileReference; lastKnownFileType = sourcecode.c.objc; path = Girl.m; sourceTree = "<group>"; };
		4BE33AFD20C9259400052FFC /* TestVC19.h */ = {isa = PBXFileReference; lastKnownFileType = sourcecode.c.h; path = TestVC19.h; sourceTree = "<group>"; };
		4BE33AFE20C9259400052FFC /* TestVC19.m */ = {isa = PBXFileReference; lastKnownFileType = sourcecode.c.objc; path = TestVC19.m; sourceTree = "<group>"; };
		4BE33B0020C9264200052FFC /* ImageData.m */ = {isa = PBXFileReference; fileEncoding = 4; lastKnownFileType = sourcecode.c.objc; path = ImageData.m; sourceTree = "<group>"; };
		4BE33B0120C9264200052FFC /* ImageData.h */ = {isa = PBXFileReference; fileEncoding = 4; lastKnownFileType = sourcecode.c.h; path = ImageData.h; sourceTree = "<group>"; };
		4BF4C19122A354510070BE6A /* KVOModel.h */ = {isa = PBXFileReference; lastKnownFileType = sourcecode.c.h; path = KVOModel.h; sourceTree = "<group>"; };
		4BF4C19222A354510070BE6A /* KVOModel.m */ = {isa = PBXFileReference; lastKnownFileType = sourcecode.c.objc; path = KVOModel.m; sourceTree = "<group>"; };
		4BF4C19422A356290070BE6A /* TestVC23.h */ = {isa = PBXFileReference; lastKnownFileType = sourcecode.c.h; path = TestVC23.h; sourceTree = "<group>"; };
		4BF4C19522A356290070BE6A /* TestVC23.m */ = {isa = PBXFileReference; lastKnownFileType = sourcecode.c.objc; path = TestVC23.m; sourceTree = "<group>"; };
		4BF4C19722A359280070BE6A /* TestVC23.xib */ = {isa = PBXFileReference; lastKnownFileType = file.xib; path = TestVC23.xib; sourceTree = "<group>"; };
		4BFE67DB21412AA3003D2F82 /* UIImage+HookImageName.h */ = {isa = PBXFileReference; lastKnownFileType = sourcecode.c.h; path = "UIImage+HookImageName.h"; sourceTree = "<group>"; };
		4BFE67DC21412AA3003D2F82 /* UIImage+HookImageName.m */ = {isa = PBXFileReference; lastKnownFileType = sourcecode.c.objc; path = "UIImage+HookImageName.m"; sourceTree = "<group>"; };
		7A1E4177222A588200A54DD9 /* TestVC22.h */ = {isa = PBXFileReference; lastKnownFileType = sourcecode.c.h; path = TestVC22.h; sourceTree = "<group>"; };
		7A1E4178222A588200A54DD9 /* TestVC22.m */ = {isa = PBXFileReference; lastKnownFileType = sourcecode.c.objc; path = TestVC22.m; sourceTree = "<group>"; };
		7AA347382228CBD700D0D712 /* TestVC21.h */ = {isa = PBXFileReference; lastKnownFileType = sourcecode.c.h; path = TestVC21.h; sourceTree = "<group>"; };
		7AA347392228CBD700D0D712 /* TestVC21.m */ = {isa = PBXFileReference; lastKnownFileType = sourcecode.c.objc; path = TestVC21.m; sourceTree = "<group>"; };
		7AA3473B2228E4D600D0D712 /* one.png */ = {isa = PBXFileReference; lastKnownFileType = image.png; path = one.png; sourceTree = "<group>"; };
		EB76390D6C12E9B7E579A7A8 /* libPods-OCTest.a */ = {isa = PBXFileReference; explicitFileType = archive.ar; includeInIndex = 0; path = "libPods-OCTest.a"; sourceTree = BUILT_PRODUCTS_DIR; };
		FB4645F323C5B04B004E49A6 /* TestVC24.h */ = {isa = PBXFileReference; lastKnownFileType = sourcecode.c.h; path = TestVC24.h; sourceTree = "<group>"; };
		FB4645F423C5B04B004E49A6 /* TestVC24.m */ = {isa = PBXFileReference; lastKnownFileType = sourcecode.c.objc; path = TestVC24.m; sourceTree = "<group>"; };
		FB4645F623C5D852004E49A6 /* People.h */ = {isa = PBXFileReference; lastKnownFileType = sourcecode.c.h; path = People.h; sourceTree = "<group>"; };
		FB4645F723C5D852004E49A6 /* People.m */ = {isa = PBXFileReference; lastKnownFileType = sourcecode.c.objc; path = People.m; sourceTree = "<group>"; };
		FB4645F923C5D864004E49A6 /* Man.h */ = {isa = PBXFileReference; lastKnownFileType = sourcecode.c.h; path = Man.h; sourceTree = "<group>"; };
		FB4645FA23C5D864004E49A6 /* Man.m */ = {isa = PBXFileReference; lastKnownFileType = sourcecode.c.objc; path = Man.m; sourceTree = "<group>"; };
/* End PBXFileReference section */

/* Begin PBXFrameworksBuildPhase section */
		4B0F5D04202199F6001F65A2 /* Frameworks */ = {
			isa = PBXFrameworksBuildPhase;
			buildActionMask = 2147483647;
			files = (
				514EB2927435E59C600C1C94 /* libPods-OCTest.a in Frameworks */,
			);
			runOnlyForDeploymentPostprocessing = 0;
		};
		4B0F5D1C202199F6001F65A2 /* Frameworks */ = {
			isa = PBXFrameworksBuildPhase;
			buildActionMask = 2147483647;
			files = (
			);
			runOnlyForDeploymentPostprocessing = 0;
		};
		4B0F5D27202199F6001F65A2 /* Frameworks */ = {
			isa = PBXFrameworksBuildPhase;
			buildActionMask = 2147483647;
			files = (
			);
			runOnlyForDeploymentPostprocessing = 0;
		};
/* End PBXFrameworksBuildPhase section */

/* Begin PBXGroup section */
		1883C8D4271E9DE7000980EA /* Module */ = {
			isa = PBXGroup;
			children = (
				1883C8D5271E9DFC000980EA /* TestModule.h */,
				1883C8D6271E9DFC000980EA /* TestModule.m */,
			);
			path = Module;
			sourceTree = "<group>";
		};
		1CE1CC9091209CB3F7C02299 /* Frameworks */ = {
			isa = PBXGroup;
			children = (
				EB76390D6C12E9B7E579A7A8 /* libPods-OCTest.a */,
			);
			name = Frameworks;
			sourceTree = "<group>";
		};
		4B0F5CFE202199F6001F65A2 = {
			isa = PBXGroup;
			children = (
				4B0F5D09202199F6001F65A2 /* OCTest */,
				4B0F5D22202199F6001F65A2 /* OCTestTests */,
				4B0F5D2D202199F6001F65A2 /* OCTestUITests */,
				4B0F5D08202199F6001F65A2 /* Products */,
				C69986DAA90BCEA5E7C244CB /* Pods */,
				1CE1CC9091209CB3F7C02299 /* Frameworks */,
			);
			sourceTree = "<group>";
		};
		4B0F5D08202199F6001F65A2 /* Products */ = {
			isa = PBXGroup;
			children = (
				4B0F5D07202199F6001F65A2 /* OCTest.app */,
				4B0F5D1F202199F6001F65A2 /* OCTestTests.xctest */,
				4B0F5D2A202199F6001F65A2 /* OCTestUITests.xctest */,
			);
			name = Products;
			sourceTree = "<group>";
		};
		4B0F5D09202199F6001F65A2 /* OCTest */ = {
			isa = PBXGroup;
			children = (
				4B44459E205A69CE00D0A043 /* Root */,
				4B77151C202EDBE700257BD8 /* Base */,
				1883C8D4271E9DE7000980EA /* Module */,
				4B444597205A509800D0A043 /* TestView */,
				4B977C8420689B7D00671B96 /* ThirdClass */,
				4BA0A732204F86A600AD5683 /* Category */,
				4B77151D202EDCC300257BD8 /* TestVC */,
				4B77151E202EDCD700257BD8 /* TestModel */,
				4B0F5D10202199F6001F65A2 /* Main.storyboard */,
				4B0F5D13202199F6001F65A2 /* Assets.xcassets */,
				4B0F5D15202199F6001F65A2 /* LaunchScreen.storyboard */,
				4B0F5D18202199F6001F65A2 /* Info.plist */,
				4BA0A739204F96DD00AD5683 /* fish.png */,
				4B0F5D19202199F6001F65A2 /* main.m */,
				4B977C8320689B0900671B96 /* PrefixHeader_OCTest.pch */,
				7AA3473B2228E4D600D0D712 /* one.png */,
			);
			path = OCTest;
			sourceTree = "<group>";
		};
		4B0F5D22202199F6001F65A2 /* OCTestTests */ = {
			isa = PBXGroup;
			children = (
				4B0F5D23202199F6001F65A2 /* OCTestTests.m */,
				4B0F5D25202199F6001F65A2 /* Info.plist */,
			);
			path = OCTestTests;
			sourceTree = "<group>";
		};
		4B0F5D2D202199F6001F65A2 /* OCTestUITests */ = {
			isa = PBXGroup;
			children = (
				4B0F5D2E202199F6001F65A2 /* OCTestUITests.m */,
				4B0F5D30202199F6001F65A2 /* Info.plist */,
			);
			path = OCTestUITests;
			sourceTree = "<group>";
		};
		4B444597205A509800D0A043 /* TestView */ = {
			isa = PBXGroup;
			children = (
				4B444598205A509800D0A043 /* TestView.h */,
				4B444599205A509800D0A043 /* TestView.m */,
				1867DA972611D06E004FBBBE /* SBBreathLightView.h */,
				1867DA982611D06E004FBBBE /* SBBreathLightView.m */,
			);
			path = TestView;
			sourceTree = "<group>";
		};
		4B44459E205A69CE00D0A043 /* Root */ = {
			isa = PBXGroup;
			children = (
				4B4445A2205A69EE00D0A043 /* AppDelegate.h */,
				4B4445A0205A69EE00D0A043 /* AppDelegate.m */,
				4B4445A3205A69EE00D0A043 /* CustomViewController.h */,
				4B4445A1205A69EE00D0A043 /* CustomViewController.m */,
				4B44459F205A69EE00D0A043 /* ViewController.h */,
				4B4445A4205A69EE00D0A043 /* ViewController.m */,
				1867DA932611CD25004FBBBE /* OCTestStyle.h */,
			);
			path = Root;
			sourceTree = "<group>";
		};
		4B77151C202EDBE700257BD8 /* Base */ = {
			isa = PBXGroup;
			children = (
				4B771512202ED86100257BD8 /* TestBaseVC.h */,
				4B771513202ED86100257BD8 /* TestBaseVC.m */,
			);
			path = Base;
			sourceTree = "<group>";
		};
		4B77151D202EDCC300257BD8 /* TestVC */ = {
			isa = PBXGroup;
			children = (
				4B771500202ED09F00257BD8 /* TestVC0.h */,
				4B771501202ED09F00257BD8 /* TestVC0.m */,
				4B771503202ED0B600257BD8 /* TestVC1.h */,
				4B771504202ED0B600257BD8 /* TestVC1.m */,
				4B771506202ED0C200257BD8 /* TestVC2.h */,
				4B771507202ED0C200257BD8 /* TestVC2.m */,
				4B771509202ED0D200257BD8 /* TestVC3.h */,
				4B77150A202ED0D200257BD8 /* TestVC3.m */,
				4B77150C202ED2D700257BD8 /* TestVC4.h */,
				4B77150D202ED2D700257BD8 /* TestVC4.m */,
				4B77150F202ED2E200257BD8 /* TestVC5.h */,
				4B771510202ED2E200257BD8 /* TestVC5.m */,
				4B77151F202EF35300257BD8 /* TestVC6.h */,
				4B771520202EF35300257BD8 /* TestVC6.m */,
				4B424FD9206B3C4A00AB306F /* TestVC6.xib */,
				4B771522202EF36000257BD8 /* TestVC7.h */,
				4B771523202EF36000257BD8 /* TestVC7.m */,
				4B22F2BA2047E5D70013C590 /* TestVC8.h */,
				4B22F2BB2047E5D70013C590 /* TestVC8.m */,
				4BA0A72F204E2F8800AD5683 /* TestVC9.h */,
				4BA0A730204E2F8800AD5683 /* TestVC9.m */,
				4BA0A744205161B000AD5683 /* TestVC10.h */,
				4BA0A745205161B000AD5683 /* TestVC10.m */,
				4B444582205A175700D0A043 /* TestVC11.h */,
				4B444583205A175700D0A043 /* TestVC11.m */,
				4B444591205A417600D0A043 /* TestVC12.h */,
				4B444592205A417600D0A043 /* TestVC12.m */,
				4B4445AB205BAFA600D0A043 /* TestVC13.h */,
				4B4445AC205BAFA600D0A043 /* TestVC13.m */,
				4B89431120622EE200924FD2 /* TestVC14.h */,
				4B89431220622EE200924FD2 /* TestVC14.m */,
				4B89431B20624E9C00924FD2 /* TestVC14.xib */,
				4B89431620624E4800924FD2 /* TestVC15.h */,
				4B89431720624E4800924FD2 /* TestVC15.m */,
				4B89431820624E4800924FD2 /* TestVC15.xib */,
				4B1DE670207F006A00EE6A61 /* TestVC16.h */,
				4B1DE671207F006A00EE6A61 /* TestVC16.m */,
				4B1DE672207F006A00EE6A61 /* TestVC16.xib */,
				4B0D887E2087459300908880 /* TestVC17.h */,
				4B0D887F2087459300908880 /* TestVC17.m */,
				4BC7C51320880B5B00C389B0 /* TestVC18.h */,
				4BC7C51420880B5B00C389B0 /* TestVC18.m */,
				4BE33AFD20C9259400052FFC /* TestVC19.h */,
				4BE33AFE20C9259400052FFC /* TestVC19.m */,
				4B8161A2212C0DA100DA77F5 /* TestVC20.h */,
				4B8161A3212C0DA100DA77F5 /* TestVC20.m */,
				7AA347382228CBD700D0D712 /* TestVC21.h */,
				7AA347392228CBD700D0D712 /* TestVC21.m */,
				7A1E4177222A588200A54DD9 /* TestVC22.h */,
				7A1E4178222A588200A54DD9 /* TestVC22.m */,
				4BF4C19422A356290070BE6A /* TestVC23.h */,
				4BF4C19522A356290070BE6A /* TestVC23.m */,
				4BF4C19722A359280070BE6A /* TestVC23.xib */,
				FB4645F323C5B04B004E49A6 /* TestVC24.h */,
				FB4645F423C5B04B004E49A6 /* TestVC24.m */,
				18A19DC5271D7CE000D29E10 /* TestVC25.h */,
				18A19DC6271D7CE000D29E10 /* TestVC25.m */,
				1883C8D827265439000980EA /* TestVC26.h */,
				1883C8D927265439000980EA /* TestVC26.m */,
				185F995F272902DA00D9F914 /* TestVC27.h */,
				185F9960272902DA00D9F914 /* TestVC27.m */,
				185F99622729222C00D9F914 /* TestVC28.h */,
				185F99632729222C00D9F914 /* TestVC28.m */,
				185F9965272CA73F00D9F914 /* TestVC29.h */,
				185F9966272CA73F00D9F914 /* TestVC29.m */,
				185F996B2735210A00D9F914 /* TestVC30.h */,
				185F996C2735210A00D9F914 /* TestVC30.m */,
				185F996E2735269700D9F914 /* TestVC31.h */,
				185F996F2735269700D9F914 /* TestVC31.m */,
			);
			path = TestVC;
			sourceTree = "<group>";
		};
		4B77151E202EDCD700257BD8 /* TestModel */ = {
			isa = PBXGroup;
			children = (
				4BE33B0120C9264200052FFC /* ImageData.h */,
				4BE33B0020C9264200052FFC /* ImageData.m */,
				4B7ACD4B2028470B00504726 /* Test_Nullability.h */,
				4B7ACD4C2028470B00504726 /* Test_Nullability.m */,
				4B0F5D422021A801001F65A2 /* Test_Generics.h */,
				4B0F5D432021A801001F65A2 /* Test_Generics.m */,
				4B0F5D452022C612001F65A2 /* Person.h */,
				4B0F5D462022C612001F65A2 /* Person.m */,
				FB4645F623C5D852004E49A6 /* People.h */,
				FB4645F723C5D852004E49A6 /* People.m */,
				FB4645F923C5D864004E49A6 /* Man.h */,
				FB4645FA23C5D864004E49A6 /* Man.m */,
				4BA0A7412051375100AD5683 /* ThreadA.h */,
				4BA0A7422051375100AD5683 /* ThreadA.m */,
				4B444585205A1AE300D0A043 /* RuntimeTestModel.h */,
				4B444586205A1AE300D0A043 /* RuntimeTestModel.m */,
				4B44458B205A3CA800D0A043 /* ModelA.h */,
				4B44458C205A3CA800D0A043 /* ModelA.m */,
				4B44458E205A3CB600D0A043 /* ModelB.h */,
				4B44458F205A3CB600D0A043 /* ModelB.m */,
				4B4445A8205A9BD800D0A043 /* ModelC.h */,
				4B4445A9205A9BD800D0A043 /* ModelC.m */,
				4BE33AF720C7E6DF00052FFC /* Boy.h */,
				4BE33AF820C7E6DF00052FFC /* Boy.m */,
				4BE33AFA20C7E73700052FFC /* Girl.h */,
				4BE33AFB20C7E73700052FFC /* Girl.m */,
				4B8161A5212C2CA500DA77F5 /* GCDModel.h */,
				4B8161A6212C2CA500DA77F5 /* GCDModel.m */,
				4B8161A8212C2CC800DA77F5 /* GCDModel2.h */,
				4B8161A9212C2CC800DA77F5 /* GCDModel2.m */,
				4B8161AB212C2CD600DA77F5 /* GCDModel3.h */,
				4B8161AC212C2CD600DA77F5 /* GCDModel3.m */,
				4BF4C19122A354510070BE6A /* KVOModel.h */,
				4BF4C19222A354510070BE6A /* KVOModel.m */,
			);
			path = TestModel;
			sourceTree = "<group>";
		};
		4B977C8420689B7D00671B96 /* ThirdClass */ = {
			isa = PBXGroup;
			children = (
				4B977C8520689B7D00671B96 /* PNChart */,
				4B977CA420689B7D00671B96 /* UICountingLabel */,
			);
			path = ThirdClass;
			sourceTree = "<group>";
		};
		4B977C8520689B7D00671B96 /* PNChart */ = {
			isa = PBXGroup;
			children = (
				4B977C8620689B7D00671B96 /* PNBar.h */,
				4B977C8720689B7D00671B96 /* PNBar.m */,
				4B977C8820689B7D00671B96 /* PNBarChart.h */,
				4B977C8920689B7D00671B96 /* PNBarChart.m */,
				4B977C8A20689B7D00671B96 /* PNChart.h */,
				4B977C8B20689B7D00671B96 /* PNChartDelegate.h */,
				4B977C8C20689B7D00671B96 /* PNChartLabel.h */,
				4B977C8D20689B7D00671B96 /* PNChartLabel.m */,
				4B977C8E20689B7D00671B96 /* PNCircleChart.h */,
				4B977C8F20689B7D00671B96 /* PNCircleChart.m */,
				4B977C9020689B7D00671B96 /* PNColor.h */,
				4B977C9120689B7D00671B96 /* PNColor.m */,
				4B977C9220689B7D00671B96 /* PNGenericChart.h */,
				4B977C9320689B7D00671B96 /* PNGenericChart.m */,
				4B977C9420689B7D00671B96 /* PNLineChart.h */,
				4B977C9520689B7D00671B96 /* PNLineChart.m */,
				4B977C9620689B7D00671B96 /* PNLineChartData.h */,
				4B977C9720689B7D00671B96 /* PNLineChartData.m */,
				4B977C9820689B7D00671B96 /* PNLineChartDataItem.h */,
				4B977C9920689B7D00671B96 /* PNLineChartDataItem.m */,
				4B977C9A20689B7D00671B96 /* PNPieChart.h */,
				4B977C9B20689B7D00671B96 /* PNPieChart.m */,
				4B977C9C20689B7D00671B96 /* PNPieChartDataItem.h */,
				4B977C9D20689B7D00671B96 /* PNPieChartDataItem.m */,
				4B977C9E20689B7D00671B96 /* PNScatterChart.h */,
				4B977C9F20689B7D00671B96 /* PNScatterChart.m */,
				4B977CA020689B7D00671B96 /* PNScatterChartData.h */,
				4B977CA120689B7D00671B96 /* PNScatterChartData.m */,
				4B977CA220689B7D00671B96 /* PNScatterChartDataItem.h */,
				4B977CA320689B7D00671B96 /* PNScatterChartDataItem.m */,
			);
			path = PNChart;
			sourceTree = "<group>";
		};
		4B977CA420689B7D00671B96 /* UICountingLabel */ = {
			isa = PBXGroup;
			children = (
				4B977CA520689B7D00671B96 /* UICountingLabel.h */,
				4B977CA620689B7D00671B96 /* UICountingLabel.m */,
			);
			path = UICountingLabel;
			sourceTree = "<group>";
		};
		4BA0A732204F86A600AD5683 /* Category */ = {
			isa = PBXGroup;
			children = (
				4BA0A733204F872300AD5683 /* UIImageView+RoundedCorner.h */,
				4BA0A734204F872300AD5683 /* UIImageView+RoundedCorner.m */,
				4BA0A736204F8BB300AD5683 /* UIImage+PureColor.h */,
				4BA0A737204F8BB300AD5683 /* UIImage+PureColor.m */,
				4BFE67DB21412AA3003D2F82 /* UIImage+HookImageName.h */,
				4BFE67DC21412AA3003D2F82 /* UIImage+HookImageName.m */,
				4BA0A73B204FBAD500AD5683 /* UIButton+AddResponseArea.h */,
				4BA0A73C204FBAD500AD5683 /* UIButton+AddResponseArea.m */,
				4B444594205A4E9300D0A043 /* NSObject+AddProperty.h */,
				4B444595205A4E9300D0A043 /* NSObject+AddProperty.m */,
				4B44459B205A55A200D0A043 /* NSObject+AddMethod.h */,
				4B44459C205A55A200D0A043 /* NSObject+AddMethod.m */,
				1883C8DC2727DE27000980EA /* NSObject+zombieDealloc.h */,
				1883C8DB2727DE27000980EA /* NSObject+zombieDealloc.m */,
				185F99592728F1BA00D9F914 /* NSMutableArray+Safe.h */,
				185F995A2728F1BA00D9F914 /* NSMutableArray+Safe.m */,
				185F995C2728F1D900D9F914 /* NSObject+Runtime.h */,
				185F995D2728F1D900D9F914 /* NSObject+Runtime.m */,
				185F99682732635D00D9F914 /* SafeMutableArray.h */,
				185F99692732635D00D9F914 /* SafeMutableArray.m */,
			);
			path = Category;
			sourceTree = "<group>";
		};
		C69986DAA90BCEA5E7C244CB /* Pods */ = {
			isa = PBXGroup;
			children = (
				3D407D507D99F4092B4E117E /* Pods-OCTest.debug.xcconfig */,
				22F1DBCD8913BF612FEC28C6 /* Pods-OCTest.release.xcconfig */,
			);
			name = Pods;
			sourceTree = "<group>";
		};
/* End PBXGroup section */

/* Begin PBXNativeTarget section */
		4B0F5D06202199F6001F65A2 /* OCTest */ = {
			isa = PBXNativeTarget;
			buildConfigurationList = 4B0F5D33202199F6001F65A2 /* Build configuration list for PBXNativeTarget "OCTest" */;
			buildPhases = (
				3D83086D95A50B6A268FADB3 /* [CP] Check Pods Manifest.lock */,
				4B0F5D03202199F6001F65A2 /* Sources */,
				4B0F5D04202199F6001F65A2 /* Frameworks */,
				4B0F5D05202199F6001F65A2 /* Resources */,
			);
			buildRules = (
			);
			dependencies = (
			);
			name = OCTest;
			productName = OCTest;
			productReference = 4B0F5D07202199F6001F65A2 /* OCTest.app */;
			productType = "com.apple.product-type.application";
		};
		4B0F5D1E202199F6001F65A2 /* OCTestTests */ = {
			isa = PBXNativeTarget;
			buildConfigurationList = 4B0F5D36202199F6001F65A2 /* Build configuration list for PBXNativeTarget "OCTestTests" */;
			buildPhases = (
				4B0F5D1B202199F6001F65A2 /* Sources */,
				4B0F5D1C202199F6001F65A2 /* Frameworks */,
				4B0F5D1D202199F6001F65A2 /* Resources */,
			);
			buildRules = (
			);
			dependencies = (
				4B0F5D21202199F6001F65A2 /* PBXTargetDependency */,
			);
			name = OCTestTests;
			productName = OCTestTests;
			productReference = 4B0F5D1F202199F6001F65A2 /* OCTestTests.xctest */;
			productType = "com.apple.product-type.bundle.unit-test";
		};
		4B0F5D29202199F6001F65A2 /* OCTestUITests */ = {
			isa = PBXNativeTarget;
			buildConfigurationList = 4B0F5D39202199F6001F65A2 /* Build configuration list for PBXNativeTarget "OCTestUITests" */;
			buildPhases = (
				4B0F5D26202199F6001F65A2 /* Sources */,
				4B0F5D27202199F6001F65A2 /* Frameworks */,
				4B0F5D28202199F6001F65A2 /* Resources */,
			);
			buildRules = (
			);
			dependencies = (
				4B0F5D2C202199F6001F65A2 /* PBXTargetDependency */,
			);
			name = OCTestUITests;
			productName = OCTestUITests;
			productReference = 4B0F5D2A202199F6001F65A2 /* OCTestUITests.xctest */;
			productType = "com.apple.product-type.bundle.ui-testing";
		};
/* End PBXNativeTarget section */

/* Begin PBXProject section */
		4B0F5CFF202199F6001F65A2 /* Project object */ = {
			isa = PBXProject;
			attributes = {
				LastUpgradeCheck = 0920;
				ORGANIZATIONNAME = XIAOHUI;
				TargetAttributes = {
					4B0F5D06202199F6001F65A2 = {
						CreatedOnToolsVersion = 9.2;
						ProvisioningStyle = Automatic;
					};
					4B0F5D1E202199F6001F65A2 = {
						CreatedOnToolsVersion = 9.2;
						ProvisioningStyle = Automatic;
						TestTargetID = 4B0F5D06202199F6001F65A2;
					};
					4B0F5D29202199F6001F65A2 = {
						CreatedOnToolsVersion = 9.2;
						ProvisioningStyle = Automatic;
						TestTargetID = 4B0F5D06202199F6001F65A2;
					};
				};
			};
			buildConfigurationList = 4B0F5D02202199F6001F65A2 /* Build configuration list for PBXProject "OCTest" */;
			compatibilityVersion = "Xcode 8.0";
			developmentRegion = en;
			hasScannedForEncodings = 0;
			knownRegions = (
				en,
				Base,
			);
			mainGroup = 4B0F5CFE202199F6001F65A2;
			productRefGroup = 4B0F5D08202199F6001F65A2 /* Products */;
			projectDirPath = "";
			projectRoot = "";
			targets = (
				4B0F5D06202199F6001F65A2 /* OCTest */,
				4B0F5D1E202199F6001F65A2 /* OCTestTests */,
				4B0F5D29202199F6001F65A2 /* OCTestUITests */,
			);
		};
/* End PBXProject section */

/* Begin PBXResourcesBuildPhase section */
		4B0F5D05202199F6001F65A2 /* Resources */ = {
			isa = PBXResourcesBuildPhase;
			buildActionMask = 2147483647;
			files = (
				4B0F5D17202199F6001F65A2 /* LaunchScreen.storyboard in Resources */,
				4BA0A73A204F96DD00AD5683 /* fish.png in Resources */,
				4B424FDA206B3C4A00AB306F /* TestVC6.xib in Resources */,
				4BF4C19822A359280070BE6A /* TestVC23.xib in Resources */,
				4B0F5D14202199F6001F65A2 /* Assets.xcassets in Resources */,
				4B89431C20624E9C00924FD2 /* TestVC14.xib in Resources */,
				4B1DE674207F006A00EE6A61 /* TestVC16.xib in Resources */,
				7AA3473C2228E4D600D0D712 /* one.png in Resources */,
				4B89431A20624E4800924FD2 /* TestVC15.xib in Resources */,
				4B0F5D12202199F6001F65A2 /* Main.storyboard in Resources */,
			);
			runOnlyForDeploymentPostprocessing = 0;
		};
		4B0F5D1D202199F6001F65A2 /* Resources */ = {
			isa = PBXResourcesBuildPhase;
			buildActionMask = 2147483647;
			files = (
			);
			runOnlyForDeploymentPostprocessing = 0;
		};
		4B0F5D28202199F6001F65A2 /* Resources */ = {
			isa = PBXResourcesBuildPhase;
			buildActionMask = 2147483647;
			files = (
			);
			runOnlyForDeploymentPostprocessing = 0;
		};
/* End PBXResourcesBuildPhase section */

/* Begin PBXShellScriptBuildPhase section */
		3D83086D95A50B6A268FADB3 /* [CP] Check Pods Manifest.lock */ = {
			isa = PBXShellScriptBuildPhase;
			buildActionMask = 2147483647;
			files = (
			);
			inputPaths = (
				"${PODS_PODFILE_DIR_PATH}/Podfile.lock",
				"${PODS_ROOT}/Manifest.lock",
			);
			name = "[CP] Check Pods Manifest.lock";
			outputPaths = (
				"$(DERIVED_FILE_DIR)/Pods-OCTest-checkManifestLockResult.txt",
			);
			runOnlyForDeploymentPostprocessing = 0;
			shellPath = /bin/sh;
			shellScript = "diff \"${PODS_PODFILE_DIR_PATH}/Podfile.lock\" \"${PODS_ROOT}/Manifest.lock\" > /dev/null\nif [ $? != 0 ] ; then\n    # print error to STDERR\n    echo \"error: The sandbox is not in sync with the Podfile.lock. Run 'pod install' or update your CocoaPods installation.\" >&2\n    exit 1\nfi\n# This output is used by Xcode 'outputs' to avoid re-running this script phase.\necho \"SUCCESS\" > \"${SCRIPT_OUTPUT_FILE_0}\"\n";
			showEnvVarsInLog = 0;
		};
/* End PBXShellScriptBuildPhase section */

/* Begin PBXSourcesBuildPhase section */
		4B0F5D03202199F6001F65A2 /* Sources */ = {
			isa = PBXSourcesBuildPhase;
			buildActionMask = 2147483647;
			files = (
				4B8161AD212C2CD600DA77F5 /* GCDModel3.m in Sources */,
				4B8161A4212C0DA100DA77F5 /* TestVC20.m in Sources */,
				7A1E4179222A588200A54DD9 /* TestVC22.m in Sources */,
				4B8161A7212C2CA500DA77F5 /* GCDModel.m in Sources */,
				4B4445A7205A69EE00D0A043 /* ViewController.m in Sources */,
				4B977CB420689B7D00671B96 /* PNScatterChartDataItem.m in Sources */,
				185F99642729222C00D9F914 /* TestVC28.m in Sources */,
				4B44459D205A55A200D0A043 /* NSObject+AddMethod.m in Sources */,
				4B977CAE20689B7D00671B96 /* PNLineChartData.m in Sources */,
				4B771524202EF36000257BD8 /* TestVC7.m in Sources */,
				4B977CAC20689B7D00671B96 /* PNGenericChart.m in Sources */,
				4BA0A735204F872300AD5683 /* UIImageView+RoundedCorner.m in Sources */,
				4B4445A5205A69EE00D0A043 /* AppDelegate.m in Sources */,
				4B444593205A417600D0A043 /* TestVC12.m in Sources */,
				4BA0A7432051375100AD5683 /* ThreadA.m in Sources */,
				4B977CB020689B7D00671B96 /* PNPieChart.m in Sources */,
				4B0F5D442021A801001F65A2 /* Test_Generics.m in Sources */,
				4B771511202ED2E200257BD8 /* TestVC5.m in Sources */,
				4BF4C19622A356290070BE6A /* TestVC23.m in Sources */,
				4BF4C19322A354510070BE6A /* KVOModel.m in Sources */,
				4B977CAB20689B7D00671B96 /* PNColor.m in Sources */,
				185F996A2732635D00D9F914 /* SafeMutableArray.m in Sources */,
				4B977CA820689B7D00671B96 /* PNBarChart.m in Sources */,
				FB4645FB23C5D864004E49A6 /* Man.m in Sources */,
				FB4645F523C5B04B004E49A6 /* TestVC24.m in Sources */,
				4B444596205A4E9300D0A043 /* NSObject+AddProperty.m in Sources */,
				4B977CA920689B7D00671B96 /* PNChartLabel.m in Sources */,
				4B8161AA212C2CC800DA77F5 /* GCDModel2.m in Sources */,
				4BC7C51520880B5B00C389B0 /* TestVC18.m in Sources */,
				4B4445AD205BAFA600D0A043 /* TestVC13.m in Sources */,
				4BA0A746205161B000AD5683 /* TestVC10.m in Sources */,
				4B1DE673207F006A00EE6A61 /* TestVC16.m in Sources */,
				185F99702735269700D9F914 /* TestVC31.m in Sources */,
				4BE33AF920C7E6DF00052FFC /* Boy.m in Sources */,
				4BA0A73D204FBAD500AD5683 /* UIButton+AddResponseArea.m in Sources */,
				4BFE67DD21412AA3003D2F82 /* UIImage+HookImageName.m in Sources */,
				1883C8DA27265439000980EA /* TestVC26.m in Sources */,
				4B89431320622EE200924FD2 /* TestVC14.m in Sources */,
				4B0D88812087459300908880 /* TestVC17.m in Sources */,
				185F995E2728F1D900D9F914 /* NSObject+Runtime.m in Sources */,
				185F996D2735210A00D9F914 /* TestVC30.m in Sources */,
				4B771508202ED0C200257BD8 /* TestVC2.m in Sources */,
				4BA0A731204E2F8800AD5683 /* TestVC9.m in Sources */,
				4B771514202ED86100257BD8 /* TestBaseVC.m in Sources */,
				4B44459A205A509800D0A043 /* TestView.m in Sources */,
				4B0F5D472022C612001F65A2 /* Person.m in Sources */,
				4B22F2BC2047E5D70013C590 /* TestVC8.m in Sources */,
				4B977CB120689B7D00671B96 /* PNPieChartDataItem.m in Sources */,
				4B977CAA20689B7D00671B96 /* PNCircleChart.m in Sources */,
				4B77150B202ED0D200257BD8 /* TestVC3.m in Sources */,
				185F9961272902DA00D9F914 /* TestVC27.m in Sources */,
				4B977CAD20689B7D00671B96 /* PNLineChart.m in Sources */,
				4B977CA720689B7D00671B96 /* PNBar.m in Sources */,
				4B977CB320689B7D00671B96 /* PNScatterChartData.m in Sources */,
				4B44458D205A3CA800D0A043 /* ModelA.m in Sources */,
				4B444590205A3CB600D0A043 /* ModelB.m in Sources */,
				4B771505202ED0B600257BD8 /* TestVC1.m in Sources */,
				1867DA992611D06E004FBBBE /* SBBreathLightView.m in Sources */,
				4B77150E202ED2D700257BD8 /* TestVC4.m in Sources */,
				185F995B2728F1BA00D9F914 /* NSMutableArray+Safe.m in Sources */,
				4B977CB520689B7D00671B96 /* UICountingLabel.m in Sources */,
				4BE33B0220C9264200052FFC /* ImageData.m in Sources */,
				185F9967272CA73F00D9F914 /* TestVC29.m in Sources */,
				4B4445AA205A9BD800D0A043 /* ModelC.m in Sources */,
				4B977CB220689B7D00671B96 /* PNScatterChart.m in Sources */,
				4B444587205A1AE300D0A043 /* RuntimeTestModel.m in Sources */,
				4B4445A6205A69EE00D0A043 /* CustomViewController.m in Sources */,
				FB4645F823C5D852004E49A6 /* People.m in Sources */,
				4B771521202EF35300257BD8 /* TestVC6.m in Sources */,
				4B7ACD4D2028470B00504726 /* Test_Nullability.m in Sources */,
				1883C8D7271E9DFD000980EA /* TestModule.m in Sources */,
				4B771502202ED09F00257BD8 /* TestVC0.m in Sources */,
				4BA0A738204F8BB300AD5683 /* UIImage+PureColor.m in Sources */,
				4B89431920624E4800924FD2 /* TestVC15.m in Sources */,
				4BE33AFF20C9259400052FFC /* TestVC19.m in Sources */,
				7AA3473A2228CBD700D0D712 /* TestVC21.m in Sources */,
				1883C8DD2727DE27000980EA /* NSObject+zombieDealloc.m in Sources */,
				4B977CAF20689B7D00671B96 /* PNLineChartDataItem.m in Sources */,
				4B444584205A175700D0A043 /* TestVC11.m in Sources */,
				4B0F5D1A202199F6001F65A2 /* main.m in Sources */,
				4BE33AFC20C7E73700052FFC /* Girl.m in Sources */,
				18A19DC7271D7CE000D29E10 /* TestVC25.m in Sources */,
			);
			runOnlyForDeploymentPostprocessing = 0;
		};
		4B0F5D1B202199F6001F65A2 /* Sources */ = {
			isa = PBXSourcesBuildPhase;
			buildActionMask = 2147483647;
			files = (
				4B0F5D24202199F6001F65A2 /* OCTestTests.m in Sources */,
			);
			runOnlyForDeploymentPostprocessing = 0;
		};
		4B0F5D26202199F6001F65A2 /* Sources */ = {
			isa = PBXSourcesBuildPhase;
			buildActionMask = 2147483647;
			files = (
				4B0F5D2F202199F6001F65A2 /* OCTestUITests.m in Sources */,
			);
			runOnlyForDeploymentPostprocessing = 0;
		};
/* End PBXSourcesBuildPhase section */

/* Begin PBXTargetDependency section */
		4B0F5D21202199F6001F65A2 /* PBXTargetDependency */ = {
			isa = PBXTargetDependency;
			target = 4B0F5D06202199F6001F65A2 /* OCTest */;
			targetProxy = 4B0F5D20202199F6001F65A2 /* PBXContainerItemProxy */;
		};
		4B0F5D2C202199F6001F65A2 /* PBXTargetDependency */ = {
			isa = PBXTargetDependency;
			target = 4B0F5D06202199F6001F65A2 /* OCTest */;
			targetProxy = 4B0F5D2B202199F6001F65A2 /* PBXContainerItemProxy */;
		};
/* End PBXTargetDependency section */

/* Begin PBXVariantGroup section */
		4B0F5D10202199F6001F65A2 /* Main.storyboard */ = {
			isa = PBXVariantGroup;
			children = (
				4B0F5D11202199F6001F65A2 /* Base */,
			);
			name = Main.storyboard;
			sourceTree = "<group>";
		};
		4B0F5D15202199F6001F65A2 /* LaunchScreen.storyboard */ = {
			isa = PBXVariantGroup;
			children = (
				4B0F5D16202199F6001F65A2 /* Base */,
			);
			name = LaunchScreen.storyboard;
			sourceTree = "<group>";
		};
/* End PBXVariantGroup section */

/* Begin XCBuildConfiguration section */
		4B0F5D31202199F6001F65A2 /* Debug */ = {
			isa = XCBuildConfiguration;
			buildSettings = {
				ALWAYS_SEARCH_USER_PATHS = NO;
				CLANG_ANALYZER_NONNULL = YES;
				CLANG_ANALYZER_NUMBER_OBJECT_CONVERSION = YES_AGGRESSIVE;
				CLANG_CXX_LANGUAGE_STANDARD = "gnu++14";
				CLANG_CXX_LIBRARY = "libc++";
				CLANG_ENABLE_MODULES = YES;
				CLANG_ENABLE_OBJC_ARC = YES;
				CLANG_WARN_BLOCK_CAPTURE_AUTORELEASING = YES;
				CLANG_WARN_BOOL_CONVERSION = YES;
				CLANG_WARN_COMMA = YES;
				CLANG_WARN_CONSTANT_CONVERSION = YES;
				CLANG_WARN_DIRECT_OBJC_ISA_USAGE = YES_ERROR;
				CLANG_WARN_DOCUMENTATION_COMMENTS = YES;
				CLANG_WARN_EMPTY_BODY = YES;
				CLANG_WARN_ENUM_CONVERSION = YES;
				CLANG_WARN_INFINITE_RECURSION = YES;
				CLANG_WARN_INT_CONVERSION = YES;
				CLANG_WARN_NON_LITERAL_NULL_CONVERSION = YES;
				CLANG_WARN_OBJC_LITERAL_CONVERSION = YES;
				CLANG_WARN_OBJC_ROOT_CLASS = YES_ERROR;
				CLANG_WARN_RANGE_LOOP_ANALYSIS = YES;
				CLANG_WARN_STRICT_PROTOTYPES = YES;
				CLANG_WARN_SUSPICIOUS_MOVE = YES;
				CLANG_WARN_UNGUARDED_AVAILABILITY = YES_AGGRESSIVE;
				CLANG_WARN_UNREACHABLE_CODE = YES;
				CLANG_WARN__DUPLICATE_METHOD_MATCH = YES;
				CODE_SIGN_IDENTITY = "iPhone Developer";
				COPY_PHASE_STRIP = NO;
				DEBUG_INFORMATION_FORMAT = dwarf;
				ENABLE_STRICT_OBJC_MSGSEND = YES;
				ENABLE_TESTABILITY = YES;
				GCC_C_LANGUAGE_STANDARD = gnu11;
				GCC_DYNAMIC_NO_PIC = NO;
				GCC_NO_COMMON_BLOCKS = YES;
				GCC_OPTIMIZATION_LEVEL = 0;
				GCC_PREPROCESSOR_DEFINITIONS = (
					"DEBUG=1",
					"$(inherited)",
				);
				GCC_WARN_64_TO_32_BIT_CONVERSION = YES;
				GCC_WARN_ABOUT_RETURN_TYPE = YES_ERROR;
				GCC_WARN_UNDECLARED_SELECTOR = YES;
				GCC_WARN_UNINITIALIZED_AUTOS = YES_AGGRESSIVE;
				GCC_WARN_UNUSED_FUNCTION = YES;
				GCC_WARN_UNUSED_VARIABLE = YES;
				IPHONEOS_DEPLOYMENT_TARGET = 11.2;
				MTL_ENABLE_DEBUG_INFO = YES;
				ONLY_ACTIVE_ARCH = YES;
				SDKROOT = iphoneos;
			};
			name = Debug;
		};
		4B0F5D32202199F6001F65A2 /* Release */ = {
			isa = XCBuildConfiguration;
			buildSettings = {
				ALWAYS_SEARCH_USER_PATHS = NO;
				CLANG_ANALYZER_NONNULL = YES;
				CLANG_ANALYZER_NUMBER_OBJECT_CONVERSION = YES_AGGRESSIVE;
				CLANG_CXX_LANGUAGE_STANDARD = "gnu++14";
				CLANG_CXX_LIBRARY = "libc++";
				CLANG_ENABLE_MODULES = YES;
				CLANG_ENABLE_OBJC_ARC = YES;
				CLANG_WARN_BLOCK_CAPTURE_AUTORELEASING = YES;
				CLANG_WARN_BOOL_CONVERSION = YES;
				CLANG_WARN_COMMA = YES;
				CLANG_WARN_CONSTANT_CONVERSION = YES;
				CLANG_WARN_DIRECT_OBJC_ISA_USAGE = YES_ERROR;
				CLANG_WARN_DOCUMENTATION_COMMENTS = YES;
				CLANG_WARN_EMPTY_BODY = YES;
				CLANG_WARN_ENUM_CONVERSION = YES;
				CLANG_WARN_INFINITE_RECURSION = YES;
				CLANG_WARN_INT_CONVERSION = YES;
				CLANG_WARN_NON_LITERAL_NULL_CONVERSION = YES;
				CLANG_WARN_OBJC_LITERAL_CONVERSION = YES;
				CLANG_WARN_OBJC_ROOT_CLASS = YES_ERROR;
				CLANG_WARN_RANGE_LOOP_ANALYSIS = YES;
				CLANG_WARN_STRICT_PROTOTYPES = YES;
				CLANG_WARN_SUSPICIOUS_MOVE = YES;
				CLANG_WARN_UNGUARDED_AVAILABILITY = YES_AGGRESSIVE;
				CLANG_WARN_UNREACHABLE_CODE = YES;
				CLANG_WARN__DUPLICATE_METHOD_MATCH = YES;
				CODE_SIGN_IDENTITY = "iPhone Developer";
				COPY_PHASE_STRIP = NO;
				DEBUG_INFORMATION_FORMAT = "dwarf-with-dsym";
				ENABLE_NS_ASSERTIONS = NO;
				ENABLE_STRICT_OBJC_MSGSEND = YES;
				GCC_C_LANGUAGE_STANDARD = gnu11;
				GCC_NO_COMMON_BLOCKS = YES;
				GCC_WARN_64_TO_32_BIT_CONVERSION = YES;
				GCC_WARN_ABOUT_RETURN_TYPE = YES_ERROR;
				GCC_WARN_UNDECLARED_SELECTOR = YES;
				GCC_WARN_UNINITIALIZED_AUTOS = YES_AGGRESSIVE;
				GCC_WARN_UNUSED_FUNCTION = YES;
				GCC_WARN_UNUSED_VARIABLE = YES;
				IPHONEOS_DEPLOYMENT_TARGET = 11.2;
				MTL_ENABLE_DEBUG_INFO = NO;
				SDKROOT = iphoneos;
				VALIDATE_PRODUCT = YES;
			};
			name = Release;
		};
		4B0F5D34202199F6001F65A2 /* Debug */ = {
			isa = XCBuildConfiguration;
			baseConfigurationReference = 3D407D507D99F4092B4E117E /* Pods-OCTest.debug.xcconfig */;
			buildSettings = {
				ASSETCATALOG_COMPILER_APPICON_NAME = AppIcon;
				"CODE_SIGN_IDENTITY[sdk=iphoneos*]" = "iPhone Developer";
				CODE_SIGN_STYLE = Automatic;
				DEBUG_INFORMATION_FORMAT = "dwarf-with-dsym";
				DEVELOPMENT_TEAM = RHYXLE7GFE;
				GCC_PREFIX_HEADER = "$(SRCROOT)/OCTest/PrefixHeader_OCTest.pch";
				INFOPLIST_FILE = OCTest/Info.plist;
				IPHONEOS_DEPLOYMENT_TARGET = 11.0;
				LD_RUNPATH_SEARCH_PATHS = "$(inherited) @executable_path/Frameworks";
				PRODUCT_BUNDLE_IDENTIFIER = XH.OCTest;
				PRODUCT_NAME = "$(TARGET_NAME)";
				PROVISIONING_PROFILE_SPECIFIER = "";
				TARGETED_DEVICE_FAMILY = 1;
			};
			name = Debug;
		};
		4B0F5D35202199F6001F65A2 /* Release */ = {
			isa = XCBuildConfiguration;
			baseConfigurationReference = 22F1DBCD8913BF612FEC28C6 /* Pods-OCTest.release.xcconfig */;
			buildSettings = {
				ASSETCATALOG_COMPILER_APPICON_NAME = AppIcon;
				"CODE_SIGN_IDENTITY[sdk=iphoneos*]" = "iPhone Developer";
				CODE_SIGN_STYLE = Automatic;
				DEVELOPMENT_TEAM = RHYXLE7GFE;
				GCC_PREFIX_HEADER = "$(SRCROOT)/OCTest/PrefixHeader_OCTest.pch";
				INFOPLIST_FILE = OCTest/Info.plist;
				IPHONEOS_DEPLOYMENT_TARGET = 11.0;
				LD_RUNPATH_SEARCH_PATHS = "$(inherited) @executable_path/Frameworks";
				PRODUCT_BUNDLE_IDENTIFIER = XH.OCTest;
				PRODUCT_NAME = "$(TARGET_NAME)";
				PROVISIONING_PROFILE_SPECIFIER = "";
				TARGETED_DEVICE_FAMILY = 1;
			};
			name = Release;
		};
		4B0F5D37202199F6001F65A2 /* Debug */ = {
			isa = XCBuildConfiguration;
			buildSettings = {
				BUNDLE_LOADER = "$(TEST_HOST)";
				CODE_SIGN_STYLE = Automatic;
				INFOPLIST_FILE = OCTestTests/Info.plist;
				LD_RUNPATH_SEARCH_PATHS = "$(inherited) @executable_path/Frameworks @loader_path/Frameworks";
				PRODUCT_BUNDLE_IDENTIFIER = XH.OCTestTests;
				PRODUCT_NAME = "$(TARGET_NAME)";
				TARGETED_DEVICE_FAMILY = "1,2";
				TEST_HOST = "$(BUILT_PRODUCTS_DIR)/OCTest.app/OCTest";
			};
			name = Debug;
		};
		4B0F5D38202199F6001F65A2 /* Release */ = {
			isa = XCBuildConfiguration;
			buildSettings = {
				BUNDLE_LOADER = "$(TEST_HOST)";
				CODE_SIGN_STYLE = Automatic;
				INFOPLIST_FILE = OCTestTests/Info.plist;
				LD_RUNPATH_SEARCH_PATHS = "$(inherited) @executable_path/Frameworks @loader_path/Frameworks";
				PRODUCT_BUNDLE_IDENTIFIER = XH.OCTestTests;
				PRODUCT_NAME = "$(TARGET_NAME)";
				TARGETED_DEVICE_FAMILY = "1,2";
				TEST_HOST = "$(BUILT_PRODUCTS_DIR)/OCTest.app/OCTest";
			};
			name = Release;
		};
		4B0F5D3A202199F6001F65A2 /* Debug */ = {
			isa = XCBuildConfiguration;
			buildSettings = {
				CODE_SIGN_STYLE = Automatic;
				INFOPLIST_FILE = OCTestUITests/Info.plist;
				LD_RUNPATH_SEARCH_PATHS = "$(inherited) @executable_path/Frameworks @loader_path/Frameworks";
				PRODUCT_BUNDLE_IDENTIFIER = XH.OCTestUITests;
				PRODUCT_NAME = "$(TARGET_NAME)";
				TARGETED_DEVICE_FAMILY = "1,2";
				TEST_TARGET_NAME = OCTest;
			};
			name = Debug;
		};
		4B0F5D3B202199F6001F65A2 /* Release */ = {
			isa = XCBuildConfiguration;
			buildSettings = {
				CODE_SIGN_STYLE = Automatic;
				INFOPLIST_FILE = OCTestUITests/Info.plist;
				LD_RUNPATH_SEARCH_PATHS = "$(inherited) @executable_path/Frameworks @loader_path/Frameworks";
				PRODUCT_BUNDLE_IDENTIFIER = XH.OCTestUITests;
				PRODUCT_NAME = "$(TARGET_NAME)";
				TARGETED_DEVICE_FAMILY = "1,2";
				TEST_TARGET_NAME = OCTest;
			};
			name = Release;
		};
/* End XCBuildConfiguration section */

/* Begin XCConfigurationList section */
		4B0F5D02202199F6001F65A2 /* Build configuration list for PBXProject "OCTest" */ = {
			isa = XCConfigurationList;
			buildConfigurations = (
				4B0F5D31202199F6001F65A2 /* Debug */,
				4B0F5D32202199F6001F65A2 /* Release */,
			);
			defaultConfigurationIsVisible = 0;
			defaultConfigurationName = Release;
		};
		4B0F5D33202199F6001F65A2 /* Build configuration list for PBXNativeTarget "OCTest" */ = {
			isa = XCConfigurationList;
			buildConfigurations = (
				4B0F5D34202199F6001F65A2 /* Debug */,
				4B0F5D35202199F6001F65A2 /* Release */,
			);
			defaultConfigurationIsVisible = 0;
			defaultConfigurationName = Release;
		};
		4B0F5D36202199F6001F65A2 /* Build configuration list for PBXNativeTarget "OCTestTests" */ = {
			isa = XCConfigurationList;
			buildConfigurations = (
				4B0F5D37202199F6001F65A2 /* Debug */,
				4B0F5D38202199F6001F65A2 /* Release */,
			);
			defaultConfigurationIsVisible = 0;
			defaultConfigurationName = Release;
		};
		4B0F5D39202199F6001F65A2 /* Build configuration list for PBXNativeTarget "OCTestUITests" */ = {
			isa = XCConfigurationList;
			buildConfigurations = (
				4B0F5D3A202199F6001F65A2 /* Debug */,
				4B0F5D3B202199F6001F65A2 /* Release */,
			);
			defaultConfigurationIsVisible = 0;
			defaultConfigurationName = Release;
		};
/* End XCConfigurationList section */
	};
	rootObject = 4B0F5CFF202199F6001F65A2 /* Project object */;
}
